// !$*UTF8*$!
{
	archiveVersion = 1;
	classes = {
	};
	objectVersion = 50;
	objects = {

/* Begin PBXBuildFile section */
		844683A124A21BCC00DDD10A /* AppDelegate.m in Sources */ = {isa = PBXBuildFile; fileRef = 844683A024A21BCC00DDD10A /* AppDelegate.m */; };
		844683A424A21BCC00DDD10A /* SceneDelegate.m in Sources */ = {isa = PBXBuildFile; fileRef = 844683A324A21BCC00DDD10A /* SceneDelegate.m */; };
		844683A724A21BCC00DDD10A /* ViewController.m in Sources */ = {isa = PBXBuildFile; fileRef = 844683A624A21BCC00DDD10A /* ViewController.m */; };
		844683AA24A21BCC00DDD10A /* Main.storyboard in Resources */ = {isa = PBXBuildFile; fileRef = 844683A824A21BCC00DDD10A /* Main.storyboard */; };
		844683AC24A21BCD00DDD10A /* Assets.xcassets in Resources */ = {isa = PBXBuildFile; fileRef = 844683AB24A21BCD00DDD10A /* Assets.xcassets */; };
		844683AF24A21BCD00DDD10A /* LaunchScreen.storyboard in Resources */ = {isa = PBXBuildFile; fileRef = 844683AD24A21BCD00DDD10A /* LaunchScreen.storyboard */; };
		844683B224A21BCD00DDD10A /* main.m in Sources */ = {isa = PBXBuildFile; fileRef = 844683B124A21BCD00DDD10A /* main.m */; };
		844DEFB924A246100040D613 /* MyConstants.m in Sources */ = {isa = PBXBuildFile; fileRef = 844DEFB824A246100040D613 /* MyConstants.m */; };
/* End PBXBuildFile section */

/* Begin PBXContainerItemProxy section */
		844683B824A21BCD00DDD10A /* PBXContainerItemProxy */ = {
			isa = PBXContainerItemProxy;
			containerPortal = 8446839424A21BCC00DDD10A /* Project object */;
			proxyType = 1;
			remoteGlobalIDString = 8446839B24A21BCC00DDD10A;
			remoteInfo = FirstApp;
		};
		844683C324A21BCE00DDD10A /* PBXContainerItemProxy */ = {
			isa = PBXContainerItemProxy;
			containerPortal = 8446839424A21BCC00DDD10A /* Project object */;
			proxyType = 1;
			remoteGlobalIDString = 8446839B24A21BCC00DDD10A;
			remoteInfo = FirstApp;
		};
/* End PBXContainerItemProxy section */

/* Begin PBXFileReference section */
		8446839C24A21BCC00DDD10A /* FirstApp.app */ = {isa = PBXFileReference; explicitFileType = wrapper.application; includeInIndex = 0; path = FirstApp.app; sourceTree = BUILT_PRODUCTS_DIR; };
		8446839F24A21BCC00DDD10A /* AppDelegate.h */ = {isa = PBXFileReference; lastKnownFileType = sourcecode.c.h; path = AppDelegate.h; sourceTree = "<group>"; };
		844683A024A21BCC00DDD10A /* AppDelegate.m */ = {isa = PBXFileReference; lastKnownFileType = sourcecode.c.objc; path = AppDelegate.m; sourceTree = "<group>"; };
		844683A224A21BCC00DDD10A /* SceneDelegate.h */ = {isa = PBXFileReference; lastKnownFileType = sourcecode.c.h; path = SceneDelegate.h; sourceTree = "<group>"; };
		844683A324A21BCC00DDD10A /* SceneDelegate.m */ = {isa = PBXFileReference; lastKnownFileType = sourcecode.c.objc; path = SceneDelegate.m; sourceTree = "<group>"; };
		844683A524A21BCC00DDD10A /* ViewController.h */ = {isa = PBXFileReference; lastKnownFileType = sourcecode.c.h; path = ViewController.h; sourceTree = "<group>"; };
		844683A624A21BCC00DDD10A /* ViewController.m */ = {isa = PBXFileReference; lastKnownFileType = sourcecode.c.objc; path = ViewController.m; sourceTree = "<group>"; };
		844683A924A21BCC00DDD10A /* Base */ = {isa = PBXFileReference; lastKnownFileType = file.storyboard; name = Base; path = Base.lproj/Main.storyboard; sourceTree = "<group>"; };
		844683AB24A21BCD00DDD10A /* Assets.xcassets */ = {isa = PBXFileReference; lastKnownFileType = folder.assetcatalog; path = Assets.xcassets; sourceTree = "<group>"; };
		844683AE24A21BCD00DDD10A /* Base */ = {isa = PBXFileReference; lastKnownFileType = file.storyboard; name = Base; path = Base.lproj/LaunchScreen.storyboard; sourceTree = "<group>"; };
		844683B024A21BCD00DDD10A /* Info.plist */ = {isa = PBXFileReference; lastKnownFileType = text.plist.xml; path = Info.plist; sourceTree = "<group>"; };
		844683B124A21BCD00DDD10A /* main.m */ = {isa = PBXFileReference; lastKnownFileType = sourcecode.c.objc; path = main.m; sourceTree = "<group>"; };
		844683B724A21BCD00DDD10A /* FirstAppTests.xctest */ = {isa = PBXFileReference; explicitFileType = wrapper.cfbundle; includeInIndex = 0; path = FirstAppTests.xctest; sourceTree = BUILT_PRODUCTS_DIR; };
		844683C224A21BCE00DDD10A /* FirstAppUITests.xctest */ = {isa = PBXFileReference; explicitFileType = wrapper.cfbundle; includeInIndex = 0; path = FirstAppUITests.xctest; sourceTree = BUILT_PRODUCTS_DIR; };
		844DEFB724A245ED0040D613 /* MyConstants.h */ = {isa = PBXFileReference; lastKnownFileType = sourcecode.c.h; path = MyConstants.h; sourceTree = "<group>"; };
		844DEFB824A246100040D613 /* MyConstants.m */ = {isa = PBXFileReference; lastKnownFileType = sourcecode.c.objc; path = MyConstants.m; sourceTree = "<group>"; };
/* End PBXFileReference section */

/* Begin PBXFrameworksBuildPhase section */
		8446839924A21BCC00DDD10A /* Frameworks */ = {
			isa = PBXFrameworksBuildPhase;
			buildActionMask = 2147483647;
			files = (
			);
			runOnlyForDeploymentPostprocessing = 0;
		};
		844683B424A21BCD00DDD10A /* Frameworks */ = {
			isa = PBXFrameworksBuildPhase;
			buildActionMask = 2147483647;
			files = (
			);
			runOnlyForDeploymentPostprocessing = 0;
		};
		844683BF24A21BCE00DDD10A /* Frameworks */ = {
			isa = PBXFrameworksBuildPhase;
			buildActionMask = 2147483647;
			files = (
			);
			runOnlyForDeploymentPostprocessing = 0;
		};
/* End PBXFrameworksBuildPhase section */

/* Begin PBXGroup section */
		8446839324A21BCC00DDD10A = {
			isa = PBXGroup;
			children = (
				8446839E24A21BCC00DDD10A /* FirstApp */,
				8446839D24A21BCC00DDD10A /* Products */,
			);
			sourceTree = "<group>";
		};
		8446839D24A21BCC00DDD10A /* Products */ = {
			isa = PBXGroup;
			children = (
				8446839C24A21BCC00DDD10A /* FirstApp.app */,
				844683B724A21BCD00DDD10A /* FirstAppTests.xctest */,
				844683C224A21BCE00DDD10A /* FirstAppUITests.xctest */,
			);
			name = Products;
			sourceTree = "<group>";
		};
		8446839E24A21BCC00DDD10A /* FirstApp */ = {
			isa = PBXGroup;
			children = (
				8446839F24A21BCC00DDD10A /* AppDelegate.h */,
				844683A024A21BCC00DDD10A /* AppDelegate.m */,
				844683A224A21BCC00DDD10A /* SceneDelegate.h */,
				844683A324A21BCC00DDD10A /* SceneDelegate.m */,
				844683A524A21BCC00DDD10A /* ViewController.h */,
				844683A624A21BCC00DDD10A /* ViewController.m */,
				844683A824A21BCC00DDD10A /* Main.storyboard */,
				844683AB24A21BCD00DDD10A /* Assets.xcassets */,
				844683AD24A21BCD00DDD10A /* LaunchScreen.storyboard */,
				844683B024A21BCD00DDD10A /* Info.plist */,
				844683B124A21BCD00DDD10A /* main.m */,
				844DEFB724A245ED0040D613 /* MyConstants.h */,
				844DEFB824A246100040D613 /* MyConstants.m */,
			);
			path = FirstApp;
			sourceTree = "<group>";
		};
/* End PBXGroup section */

/* Begin PBXNativeTarget section */
		8446839B24A21BCC00DDD10A /* FirstApp */ = {
			isa = PBXNativeTarget;
			buildConfigurationList = 844683CB24A21BCE00DDD10A /* Build configuration list for PBXNativeTarget "FirstApp" */;
			buildPhases = (
				8446839824A21BCC00DDD10A /* Sources */,
				8446839924A21BCC00DDD10A /* Frameworks */,
				8446839A24A21BCC00DDD10A /* Resources */,
			);
			buildRules = (
			);
			dependencies = (
			);
			name = FirstApp;
			productName = FirstApp;
			productReference = 8446839C24A21BCC00DDD10A /* FirstApp.app */;
			productType = "com.apple.product-type.application";
		};
		844683B624A21BCD00DDD10A /* FirstAppTests */ = {
			isa = PBXNativeTarget;
			buildConfigurationList = 844683CE24A21BCE00DDD10A /* Build configuration list for PBXNativeTarget "FirstAppTests" */;
			buildPhases = (
				844683B324A21BCD00DDD10A /* Sources */,
				844683B424A21BCD00DDD10A /* Frameworks */,
				844683B524A21BCD00DDD10A /* Resources */,
			);
			buildRules = (
			);
			dependencies = (
				844683B924A21BCD00DDD10A /* PBXTargetDependency */,
			);
			name = FirstAppTests;
			productName = FirstAppTests;
			productReference = 844683B724A21BCD00DDD10A /* FirstAppTests.xctest */;
			productType = "com.apple.product-type.bundle.unit-test";
		};
		844683C124A21BCE00DDD10A /* FirstAppUITests */ = {
			isa = PBXNativeTarget;
			buildConfigurationList = 844683D124A21BCE00DDD10A /* Build configuration list for PBXNativeTarget "FirstAppUITests" */;
			buildPhases = (
				844683BE24A21BCE00DDD10A /* Sources */,
				844683BF24A21BCE00DDD10A /* Frameworks */,
				844683C024A21BCE00DDD10A /* Resources */,
			);
			buildRules = (
			);
			dependencies = (
				844683C424A21BCE00DDD10A /* PBXTargetDependency */,
			);
			name = FirstAppUITests;
			productName = FirstAppUITests;
			productReference = 844683C224A21BCE00DDD10A /* FirstAppUITests.xctest */;
			productType = "com.apple.product-type.bundle.ui-testing";
		};
/* End PBXNativeTarget section */

/* Begin PBXProject section */
		8446839424A21BCC00DDD10A /* Project object */ = {
			isa = PBXProject;
			attributes = {
				LastUpgradeCheck = 1150;
				ORGANIZATIONNAME = Admin;
				TargetAttributes = {
					8446839B24A21BCC00DDD10A = {
						CreatedOnToolsVersion = 11.5;
					};
					844683B624A21BCD00DDD10A = {
						CreatedOnToolsVersion = 11.5;
						TestTargetID = 8446839B24A21BCC00DDD10A;
					};
					844683C124A21BCE00DDD10A = {
						CreatedOnToolsVersion = 11.5;
						TestTargetID = 8446839B24A21BCC00DDD10A;
					};
				};
			};
			buildConfigurationList = 8446839724A21BCC00DDD10A /* Build configuration list for PBXProject "FirstApp" */;
			compatibilityVersion = "Xcode 9.3";
			developmentRegion = en;
			hasScannedForEncodings = 0;
			knownRegions = (
				en,
				Base,
			);
			mainGroup = 8446839324A21BCC00DDD10A;
			productRefGroup = 8446839D24A21BCC00DDD10A /* Products */;
			projectDirPath = "";
			projectRoot = "";
			targets = (
				8446839B24A21BCC00DDD10A /* FirstApp */,
				844683B624A21BCD00DDD10A /* FirstAppTests */,
				844683C124A21BCE00DDD10A /* FirstAppUITests */,
			);
		};
/* End PBXProject section */

/* Begin PBXResourcesBuildPhase section */
		8446839A24A21BCC00DDD10A /* Resources */ = {
			isa = PBXResourcesBuildPhase;
			buildActionMask = 2147483647;
			files = (
				844683AF24A21BCD00DDD10A /* LaunchScreen.storyboard in Resources */,
				844683AC24A21BCD00DDD10A /* Assets.xcassets in Resources */,
				844683AA24A21BCC00DDD10A /* Main.storyboard in Resources */,
			);
			runOnlyForDeploymentPostprocessing = 0;
		};
		844683B524A21BCD00DDD10A /* Resources */ = {
			isa = PBXResourcesBuildPhase;
			buildActionMask = 2147483647;
			files = (
			);
			runOnlyForDeploymentPostprocessing = 0;
		};
		844683C024A21BCE00DDD10A /* Resources */ = {
			isa = PBXResourcesBuildPhase;
			buildActionMask = 2147483647;
			files = (
			);
			runOnlyForDeploymentPostprocessing = 0;
		};
/* End PBXResourcesBuildPhase section */

/* Begin PBXSourcesBuildPhase section */
		8446839824A21BCC00DDD10A /* Sources */ = {
			isa = PBXSourcesBuildPhase;
			buildActionMask = 2147483647;
			files = (
				844683A724A21BCC00DDD10A /* ViewController.m in Sources */,
				844683A124A21BCC00DDD10A /* AppDelegate.m in Sources */,
				844DEFB924A246100040D613 /* MyConstants.m in Sources */,
				844683B224A21BCD00DDD10A /* main.m in Sources */,
				844683A424A21BCC00DDD10A /* SceneDelegate.m in Sources */,
			);
			runOnlyForDeploymentPostprocessing = 0;
		};
		844683B324A21BCD00DDD10A /* Sources */ = {
			isa = PBXSourcesBuildPhase;
			buildActionMask = 2147483647;
			files = (
			);
			runOnlyForDeploymentPostprocessing = 0;
		};
		844683BE24A21BCE00DDD10A /* Sources */ = {
			isa = PBXSourcesBuildPhase;
			buildActionMask = 2147483647;
			files = (
			);
			runOnlyForDeploymentPostprocessing = 0;
		};
/* End PBXSourcesBuildPhase section */

/* Begin PBXTargetDependency section */
		844683B924A21BCD00DDD10A /* PBXTargetDependency */ = {
			isa = PBXTargetDependency;
			target = 8446839B24A21BCC00DDD10A /* FirstApp */;
			targetProxy = 844683B824A21BCD00DDD10A /* PBXContainerItemProxy */;
		};
		844683C424A21BCE00DDD10A /* PBXTargetDependency */ = {
			isa = PBXTargetDependency;
			target = 8446839B24A21BCC00DDD10A /* FirstApp */;
			targetProxy = 844683C324A21BCE00DDD10A /* PBXContainerItemProxy */;
		};
/* End PBXTargetDependency section */

/* Begin PBXVariantGroup section */
		844683A824A21BCC00DDD10A /* Main.storyboard */ = {
			isa = PBXVariantGroup;
			children = (
				844683A924A21BCC00DDD10A /* Base */,
			);
			name = Main.storyboard;
			sourceTree = "<group>";
		};
		844683AD24A21BCD00DDD10A /* LaunchScreen.storyboard */ = {
			isa = PBXVariantGroup;
			children = (
				844683AE24A21BCD00DDD10A /* Base */,
			);
			name = LaunchScreen.storyboard;
			sourceTree = "<group>";
		};
/* End PBXVariantGroup section */

/* Begin XCBuildConfiguration section */
		844683C924A21BCE00DDD10A /* Debug */ = {
			isa = XCBuildConfiguration;
			buildSettings = {
				ALWAYS_SEARCH_USER_PATHS = NO;
				CLANG_ANALYZER_NONNULL = YES;
				CLANG_ANALYZER_NUMBER_OBJECT_CONVERSION = YES_AGGRESSIVE;
				CLANG_CXX_LANGUAGE_STANDARD = "gnu++14";
				CLANG_CXX_LIBRARY = "libc++";
				CLANG_ENABLE_MODULES = YES;
				CLANG_ENABLE_OBJC_ARC = YES;
				CLANG_ENABLE_OBJC_WEAK = YES;
				CLANG_WARN_BLOCK_CAPTURE_AUTORELEASING = YES;
				CLANG_WARN_BOOL_CONVERSION = YES;
				CLANG_WARN_COMMA = YES;
				CLANG_WARN_CONSTANT_CONVERSION = YES;
				CLANG_WARN_DEPRECATED_OBJC_IMPLEMENTATIONS = YES;
				CLANG_WARN_DIRECT_OBJC_ISA_USAGE = YES_ERROR;
				CLANG_WARN_DOCUMENTATION_COMMENTS = YES;
				CLANG_WARN_EMPTY_BODY = YES;
				CLANG_WARN_ENUM_CONVERSION = YES;
				CLANG_WARN_INFINITE_RECURSION = YES;
				CLANG_WARN_INT_CONVERSION = YES;
				CLANG_WARN_NON_LITERAL_NULL_CONVERSION = YES;
				CLANG_WARN_OBJC_IMPLICIT_RETAIN_SELF = YES;
				CLANG_WARN_OBJC_LITERAL_CONVERSION = YES;
				CLANG_WARN_OBJC_ROOT_CLASS = YES_ERROR;
				CLANG_WARN_RANGE_LOOP_ANALYSIS = YES;
				CLANG_WARN_STRICT_PROTOTYPES = YES;
				CLANG_WARN_SUSPICIOUS_MOVE = YES;
				CLANG_WARN_UNGUARDED_AVAILABILITY = YES_AGGRESSIVE;
				CLANG_WARN_UNREACHABLE_CODE = YES;
				CLANG_WARN__DUPLICATE_METHOD_MATCH = YES;
				COPY_PHASE_STRIP = NO;
				DEBUG_INFORMATION_FORMAT = dwarf;
				ENABLE_STRICT_OBJC_MSGSEND = YES;
				ENABLE_TESTABILITY = YES;
				GCC_C_LANGUAGE_STANDARD = gnu11;
				GCC_DYNAMIC_NO_PIC = NO;
				GCC_NO_COMMON_BLOCKS = YES;
				GCC_OPTIMIZATION_LEVEL = 0;
				GCC_PREPROCESSOR_DEFINITIONS = (
					"DEBUG=1",
					"$(inherited)",
				);
				GCC_WARN_64_TO_32_BIT_CONVERSION = YES;
				GCC_WARN_ABOUT_RETURN_TYPE = YES_ERROR;
				GCC_WARN_UNDECLARED_SELECTOR = YES;
				GCC_WARN_UNINITIALIZED_AUTOS = YES_AGGRESSIVE;
				GCC_WARN_UNUSED_FUNCTION = YES;
				GCC_WARN_UNUSED_VARIABLE = YES;
				IPHONEOS_DEPLOYMENT_TARGET = 13.5;
				MTL_ENABLE_DEBUG_INFO = INCLUDE_SOURCE;
				MTL_FAST_MATH = YES;
				ONLY_ACTIVE_ARCH = YES;
				SDKROOT = iphoneos;
			};
			name = Debug;
		};
		844683CA24A21BCE00DDD10A /* Release */ = {
			isa = XCBuildConfiguration;
			buildSettings = {
				ALWAYS_SEARCH_USER_PATHS = NO;
				CLANG_ANALYZER_NONNULL = YES;
				CLANG_ANALYZER_NUMBER_OBJECT_CONVERSION = YES_AGGRESSIVE;
				CLANG_CXX_LANGUAGE_STANDARD = "gnu++14";
				CLANG_CXX_LIBRARY = "libc++";
				CLANG_ENABLE_MODULES = YES;
				CLANG_ENABLE_OBJC_ARC = YES;
				CLANG_ENABLE_OBJC_WEAK = YES;
				CLANG_WARN_BLOCK_CAPTURE_AUTORELEASING = YES;
				CLANG_WARN_BOOL_CONVERSION = YES;
				CLANG_WARN_COMMA = YES;
				CLANG_WARN_CONSTANT_CONVERSION = YES;
				CLANG_WARN_DEPRECATED_OBJC_IMPLEMENTATIONS = YES;
				CLANG_WARN_DIRECT_OBJC_ISA_USAGE = YES_ERROR;
				CLANG_WARN_DOCUMENTATION_COMMENTS = YES;
				CLANG_WARN_EMPTY_BODY = YES;
				CLANG_WARN_ENUM_CONVERSION = YES;
				CLANG_WARN_INFINITE_RECURSION = YES;
				CLANG_WARN_INT_CONVERSION = YES;
				CLANG_WARN_NON_LITERAL_NULL_CONVERSION = YES;
				CLANG_WARN_OBJC_IMPLICIT_RETAIN_SELF = YES;
				CLANG_WARN_OBJC_LITERAL_CONVERSION = YES;
				CLANG_WARN_OBJC_ROOT_CLASS = YES_ERROR;
				CLANG_WARN_RANGE_LOOP_ANALYSIS = YES;
				CLANG_WARN_STRICT_PROTOTYPES = YES;
				CLANG_WARN_SUSPICIOUS_MOVE = YES;
				CLANG_WARN_UNGUARDED_AVAILABILITY = YES_AGGRESSIVE;
				CLANG_WARN_UNREACHABLE_CODE = YES;
				CLANG_WARN__DUPLICATE_METHOD_MATCH = YES;
				COPY_PHASE_STRIP = NO;
				DEBUG_INFORMATION_FORMAT = "dwarf-with-dsym";
				ENABLE_NS_ASSERTIONS = NO;
				ENABLE_STRICT_OBJC_MSGSEND = YES;
				GCC_C_LANGUAGE_STANDARD = gnu11;
				GCC_NO_COMMON_BLOCKS = YES;
				GCC_WARN_64_TO_32_BIT_CONVERSION = YES;
				GCC_WARN_ABOUT_RETURN_TYPE = YES_ERROR;
				GCC_WARN_UNDECLARED_SELECTOR = YES;
				GCC_WARN_UNINITIALIZED_AUTOS = YES_AGGRESSIVE;
				GCC_WARN_UNUSED_FUNCTION = YES;
				GCC_WARN_UNUSED_VARIABLE = YES;
				IPHONEOS_DEPLOYMENT_TARGET = 13.5;
				MTL_ENABLE_DEBUG_INFO = NO;
				MTL_FAST_MATH = YES;
				SDKROOT = iphoneos;
				VALIDATE_PRODUCT = YES;
			};
			name = Release;
		};
		844683CC24A21BCE00DDD10A /* Debug */ = {
			isa = XCBuildConfiguration;
			buildSettings = {
				ASSETCATALOG_COMPILER_APPICON_NAME = AppIcon;
				CODE_SIGN_STYLE = Automatic;
				INFOPLIST_FILE = FirstApp/Info.plist;
				LD_RUNPATH_SEARCH_PATHS = (
					"$(inherited)",
					"@executable_path/Frameworks",
				);
				PRODUCT_BUNDLE_IDENTIFIER = com.myApp.FirstApp;
				PRODUCT_NAME = "$(TARGET_NAME)";
				TARGETED_DEVICE_FAMILY = "1,2";
			};
			name = Debug;
		};
		844683CD24A21BCE00DDD10A /* Release */ = {
			isa = XCBuildConfiguration;
			buildSettings = {
				ASSETCATALOG_COMPILER_APPICON_NAME = AppIcon;
				CODE_SIGN_STYLE = Automatic;
				INFOPLIST_FILE = FirstApp/Info.plist;
				LD_RUNPATH_SEARCH_PATHS = (
					"$(inherited)",
					"@executable_path/Frameworks",
				);
				PRODUCT_BUNDLE_IDENTIFIER = com.myApp.FirstApp;
				PRODUCT_NAME = "$(TARGET_NAME)";
				TARGETED_DEVICE_FAMILY = "1,2";
			};
			name = Release;
		};
		844683CF24A21BCE00DDD10A /* Debug */ = {
			isa = XCBuildConfiguration;
			buildSettings = {
				BUNDLE_LOADER = "$(TEST_HOST)";
				CODE_SIGN_STYLE = Automatic;
				INFOPLIST_FILE = FirstAppTests/Info.plist;
				IPHONEOS_DEPLOYMENT_TARGET = 13.5;
				LD_RUNPATH_SEARCH_PATHS = (
					"$(inherited)",
					"@executable_path/Frameworks",
					"@loader_path/Frameworks",
				);
				PRODUCT_BUNDLE_IDENTIFIER = com.myApp.FirstAppTests;
				PRODUCT_NAME = "$(TARGET_NAME)";
				TARGETED_DEVICE_FAMILY = "1,2";
				TEST_HOST = "$(BUILT_PRODUCTS_DIR)/FirstApp.app/FirstApp";
			};
			name = Debug;
		};
		844683D024A21BCE00DDD10A /* Release */ = {
			isa = XCBuildConfiguration;
			buildSettings = {
				BUNDLE_LOADER = "$(TEST_HOST)";
				CODE_SIGN_STYLE = Automatic;
				INFOPLIST_FILE = FirstAppTests/Info.plist;
				IPHONEOS_DEPLOYMENT_TARGET = 13.5;
				LD_RUNPATH_SEARCH_PATHS = (
					"$(inherited)",
					"@executable_path/Frameworks",
					"@loader_path/Frameworks",
				);
				PRODUCT_BUNDLE_IDENTIFIER = com.myApp.FirstAppTests;
				PRODUCT_NAME = "$(TARGET_NAME)";
				TARGETED_DEVICE_FAMILY = "1,2";
				TEST_HOST = "$(BUILT_PRODUCTS_DIR)/FirstApp.app/FirstApp";
			};
			name = Release;
		};
		844683D224A21BCE00DDD10A /* Debug */ = {
			isa = XCBuildConfiguration;
			buildSettings = {
				CODE_SIGN_STYLE = Automatic;
				INFOPLIST_FILE = FirstAppUITests/Info.plist;
				LD_RUNPATH_SEARCH_PATHS = (
					"$(inherited)",
					"@executable_path/Frameworks",
					"@loader_path/Frameworks",
				);
				PRODUCT_BUNDLE_IDENTIFIER = com.myApp.FirstAppUITests;
				PRODUCT_NAME = "$(TARGET_NAME)";
				TARGETED_DEVICE_FAMILY = "1,2";
				TEST_TARGET_NAME = FirstApp;
			};
			name = Debug;
		};
		844683D324A21BCE00DDD10A /* Release */ = {
			isa = XCBuildConfiguration;
			buildSettings = {
				CODE_SIGN_STYLE = Automatic;
				INFOPLIST_FILE = FirstAppUITests/Info.plist;
				LD_RUNPATH_SEARCH_PATHS = (
					"$(inherited)",
					"@executable_path/Frameworks",
					"@loader_path/Frameworks",
				);
				PRODUCT_BUNDLE_IDENTIFIER = com.myApp.FirstAppUITests;
				PRODUCT_NAME = "$(TARGET_NAME)";
				TARGETED_DEVICE_FAMILY = "1,2";
				TEST_TARGET_NAME = FirstApp;
			};
			name = Release;
		};
/* End XCBuildConfiguration section */

/* Begin XCConfigurationList section */
		8446839724A21BCC00DDD10A /* Build configuration list for PBXProject "FirstApp" */ = {
			isa = XCConfigurationList;
			buildConfigurations = (
				844683C924A21BCE00DDD10A /* Debug */,
				844683CA24A21BCE00DDD10A /* Release */,
			);
			defaultConfigurationIsVisible = 0;
			defaultConfigurationName = Release;
		};
		844683CB24A21BCE00DDD10A /* Build configuration list for PBXNativeTarget "FirstApp" */ = {
			isa = XCConfigurationList;
			buildConfigurations = (
				844683CC24A21BCE00DDD10A /* Debug */,
				844683CD24A21BCE00DDD10A /* Release */,
			);
			defaultConfigurationIsVisible = 0;
			defaultConfigurationName = Release;
		};
		844683CE24A21BCE00DDD10A /* Build configuration list for PBXNativeTarget "FirstAppTests" */ = {
			isa = XCConfigurationList;
			buildConfigurations = (
				844683CF24A21BCE00DDD10A /* Debug */,
				844683D024A21BCE00DDD10A /* Release */,
			);
			defaultConfigurationIsVisible = 0;
			defaultConfigurationName = Release;
		};
		844683D124A21BCE00DDD10A /* Build configuration list for PBXNativeTarget "FirstAppUITests" */ = {
			isa = XCConfigurationList;
			buildConfigurations = (
				844683D224A21BCE00DDD10A /* Debug */,
				844683D324A21BCE00DDD10A /* Release */,
			);
			defaultConfigurationIsVisible = 0;
			defaultConfigurationName = Release;
		};
/* End XCConfigurationList section */
	};
	rootObject = 8446839424A21BCC00DDD10A /* Project object */;
}
