// !$*UTF8*$!
{
	archiveVersion = 1;
	classes = {
	};
	objectVersion = 50;
	objects = {

/* Begin PBXBuildFile section */
		8445002B24E1491E0051D413 /* AppDelegate.swift in Sources */ = {isa = PBXBuildFile; fileRef = 8445002A24E1491E0051D413 /* AppDelegate.swift */; };
		8445002D24E1491E0051D413 /* SceneDelegate.swift in Sources */ = {isa = PBXBuildFile; fileRef = 8445002C24E1491E0051D413 /* SceneDelegate.swift */; };
		8445003224E1491E0051D413 /* Main.storyboard in Resources */ = {isa = PBXBuildFile; fileRef = 8445003024E1491E0051D413 /* Main.storyboard */; };
		8445003524E1491E0051D413 /* RestaurantReviews.xcdatamodeld in Sources */ = {isa = PBXBuildFile; fileRef = 8445003324E1491E0051D413 /* RestaurantReviews.xcdatamodeld */; };
		8445003724E149200051D413 /* Assets.xcassets in Resources */ = {isa = PBXBuildFile; fileRef = 8445003624E149200051D413 /* Assets.xcassets */; };
		8445003A24E149200051D413 /* LaunchScreen.storyboard in Resources */ = {isa = PBXBuildFile; fileRef = 8445003824E149200051D413 /* LaunchScreen.storyboard */; };
		8445006924E15EF10051D413 /* RestaurantsViewController.swift in Sources */ = {isa = PBXBuildFile; fileRef = 8445006824E15EF10051D413 /* RestaurantsViewController.swift */; };
		8445006B24E15F350051D413 /* MapViewController.swift in Sources */ = {isa = PBXBuildFile; fileRef = 8445006A24E15F350051D413 /* MapViewController.swift */; };
		8445006F24E163E10051D413 /* RestaurantsViewModel.swift in Sources */ = {isa = PBXBuildFile; fileRef = 8445006E24E163E10051D413 /* RestaurantsViewModel.swift */; };
		8445007124E164CB0051D413 /* TableViewCell.swift in Sources */ = {isa = PBXBuildFile; fileRef = 8445007024E164CB0051D413 /* TableViewCell.swift */; };
		8445007524E194680051D413 /* DataManager.swift in Sources */ = {isa = PBXBuildFile; fileRef = 8445007424E194680051D413 /* DataManager.swift */; };
		84466BAA24E6E6BB00019780 /* TimeCheck.swift in Sources */ = {isa = PBXBuildFile; fileRef = 84466BA924E6E6BB00019780 /* TimeCheck.swift */; };
		8446C8F624E3D1D300B3307E /* MapViewModel.swift in Sources */ = {isa = PBXBuildFile; fileRef = 8446C8F524E3D1D300B3307E /* MapViewModel.swift */; };
		8446CD9424EBAD9D0065B841 /* RestaurantModelDelegate.swift in Sources */ = {isa = PBXBuildFile; fileRef = 8446CD9324EBAD9D0065B841 /* RestaurantModelDelegate.swift */; };
		8446CD9F24EBC0F10065B841 /* Image+CoreDataClass.swift in Sources */ = {isa = PBXBuildFile; fileRef = 8446CD9524EBC0F10065B841 /* Image+CoreDataClass.swift */; };
		8446CDA024EBC0F10065B841 /* Image+CoreDataProperties.swift in Sources */ = {isa = PBXBuildFile; fileRef = 8446CD9624EBC0F10065B841 /* Image+CoreDataProperties.swift */; };
		8446CDA124EBC0F10065B841 /* Favorite+CoreDataClass.swift in Sources */ = {isa = PBXBuildFile; fileRef = 8446CD9724EBC0F10065B841 /* Favorite+CoreDataClass.swift */; };
		8446CDA224EBC0F10065B841 /* Favorite+CoreDataProperties.swift in Sources */ = {isa = PBXBuildFile; fileRef = 8446CD9824EBC0F10065B841 /* Favorite+CoreDataProperties.swift */; };
		8446CDA324EBC0F10065B841 /* Review+CoreDataClass.swift in Sources */ = {isa = PBXBuildFile; fileRef = 8446CD9924EBC0F10065B841 /* Review+CoreDataClass.swift */; };
		8446CDA424EBC0F10065B841 /* Review+CoreDataProperties.swift in Sources */ = {isa = PBXBuildFile; fileRef = 8446CD9A24EBC0F10065B841 /* Review+CoreDataProperties.swift */; };
		8446CDA524EBC0F10065B841 /* Restaurant+CoreDataClass.swift in Sources */ = {isa = PBXBuildFile; fileRef = 8446CD9B24EBC0F10065B841 /* Restaurant+CoreDataClass.swift */; };
		8446CDA624EBC0F10065B841 /* Restaurant+CoreDataProperties.swift in Sources */ = {isa = PBXBuildFile; fileRef = 8446CD9C24EBC0F10065B841 /* Restaurant+CoreDataProperties.swift */; };
		8446CDA724EBC0F10065B841 /* Location+CoreDataClass.swift in Sources */ = {isa = PBXBuildFile; fileRef = 8446CD9D24EBC0F10065B841 /* Location+CoreDataClass.swift */; };
		8446CDA824EBC0F10065B841 /* Location+CoreDataProperties.swift in Sources */ = {isa = PBXBuildFile; fileRef = 8446CD9E24EBC0F10065B841 /* Location+CoreDataProperties.swift */; };
		8446CDAA24EBE3420065B841 /* UIImageView+getImage.swift in Sources */ = {isa = PBXBuildFile; fileRef = 8446CDA924EBE3420065B841 /* UIImageView+getImage.swift */; };
		84472E2124EAAD090066A647 /* Entities.swift in Sources */ = {isa = PBXBuildFile; fileRef = 84472E1F24EAAD090066A647 /* Entities.swift */; };
		84472E2424EAB3270066A647 /* RestaurantsViewModelDelegate.swift in Sources */ = {isa = PBXBuildFile; fileRef = 84472E2324EAB3270066A647 /* RestaurantsViewModelDelegate.swift */; };
		844779E424E2693D00EDF985 /* RestaurantService.swift in Sources */ = {isa = PBXBuildFile; fileRef = 844779E324E2693D00EDF985 /* RestaurantService.swift */; };
		844779EE24E2A0BF00EDF985 /* Networking.swift in Sources */ = {isa = PBXBuildFile; fileRef = 844779ED24E2A0BF00EDF985 /* Networking.swift */; };
		844779F224E2A29900EDF985 /* RestaurantsModel.swift in Sources */ = {isa = PBXBuildFile; fileRef = 844779F124E2A29900EDF985 /* RestaurantsModel.swift */; };
		844779F424E2A6E600EDF985 /* CellViewModel.swift in Sources */ = {isa = PBXBuildFile; fileRef = 844779F324E2A6E600EDF985 /* CellViewModel.swift */; };
		844779F624E2A74D00EDF985 /* RestaurantViewModel.swift in Sources */ = {isa = PBXBuildFile; fileRef = 844779F524E2A74D00EDF985 /* RestaurantViewModel.swift */; };
		844779F824E2C03B00EDF985 /* RestaurantViewController.swift in Sources */ = {isa = PBXBuildFile; fileRef = 844779F724E2C03B00EDF985 /* RestaurantViewController.swift */; };
		844779FC24E2CF2F00EDF985 /* FavoriteRestaurantIds.swift in Sources */ = {isa = PBXBuildFile; fileRef = 844779FB24E2CF2F00EDF985 /* FavoriteRestaurantIds.swift */; };
		84477A0224E2D3D300EDF985 /* FavoriteRestaurantService.swift in Sources */ = {isa = PBXBuildFile; fileRef = 84477A0124E2D3D300EDF985 /* FavoriteRestaurantService.swift */; };
/* End PBXBuildFile section */

/* Begin PBXFileReference section */
		8445002724E1491E0051D413 /* RestaurantReviews.app */ = {isa = PBXFileReference; explicitFileType = wrapper.application; includeInIndex = 0; path = RestaurantReviews.app; sourceTree = BUILT_PRODUCTS_DIR; };
		8445002A24E1491E0051D413 /* AppDelegate.swift */ = {isa = PBXFileReference; lastKnownFileType = sourcecode.swift; path = AppDelegate.swift; sourceTree = "<group>"; };
		8445002C24E1491E0051D413 /* SceneDelegate.swift */ = {isa = PBXFileReference; lastKnownFileType = sourcecode.swift; path = SceneDelegate.swift; sourceTree = "<group>"; };
		8445003124E1491E0051D413 /* Base */ = {isa = PBXFileReference; lastKnownFileType = file.storyboard; name = Base; path = Base.lproj/Main.storyboard; sourceTree = "<group>"; };
		8445003424E1491E0051D413 /* RestaurantReviews.xcdatamodel */ = {isa = PBXFileReference; lastKnownFileType = wrapper.xcdatamodel; path = RestaurantReviews.xcdatamodel; sourceTree = "<group>"; };
		8445003624E149200051D413 /* Assets.xcassets */ = {isa = PBXFileReference; lastKnownFileType = folder.assetcatalog; path = Assets.xcassets; sourceTree = "<group>"; };
		8445003924E149200051D413 /* Base */ = {isa = PBXFileReference; lastKnownFileType = file.storyboard; name = Base; path = Base.lproj/LaunchScreen.storyboard; sourceTree = "<group>"; };
		8445003B24E149200051D413 /* Info.plist */ = {isa = PBXFileReference; lastKnownFileType = text.plist.xml; path = Info.plist; sourceTree = "<group>"; };
		8445006824E15EF10051D413 /* RestaurantsViewController.swift */ = {isa = PBXFileReference; lastKnownFileType = sourcecode.swift; path = RestaurantsViewController.swift; sourceTree = "<group>"; };
		8445006A24E15F350051D413 /* MapViewController.swift */ = {isa = PBXFileReference; lastKnownFileType = sourcecode.swift; path = MapViewController.swift; sourceTree = "<group>"; };
		8445006E24E163E10051D413 /* RestaurantsViewModel.swift */ = {isa = PBXFileReference; lastKnownFileType = sourcecode.swift; path = RestaurantsViewModel.swift; sourceTree = "<group>"; };
		8445007024E164CB0051D413 /* TableViewCell.swift */ = {isa = PBXFileReference; lastKnownFileType = sourcecode.swift; path = TableViewCell.swift; sourceTree = "<group>"; };
		8445007424E194680051D413 /* DataManager.swift */ = {isa = PBXFileReference; lastKnownFileType = sourcecode.swift; path = DataManager.swift; sourceTree = "<group>"; };
		84466BA924E6E6BB00019780 /* TimeCheck.swift */ = {isa = PBXFileReference; lastKnownFileType = sourcecode.swift; path = TimeCheck.swift; sourceTree = "<group>"; };
		8446C8F524E3D1D300B3307E /* MapViewModel.swift */ = {isa = PBXFileReference; lastKnownFileType = sourcecode.swift; path = MapViewModel.swift; sourceTree = "<group>"; };
		8446CD9324EBAD9D0065B841 /* RestaurantModelDelegate.swift */ = {isa = PBXFileReference; lastKnownFileType = sourcecode.swift; path = RestaurantModelDelegate.swift; sourceTree = "<group>"; };
		8446CD9524EBC0F10065B841 /* Image+CoreDataClass.swift */ = {isa = PBXFileReference; lastKnownFileType = sourcecode.swift; path = "Image+CoreDataClass.swift"; sourceTree = "<group>"; };
		8446CD9624EBC0F10065B841 /* Image+CoreDataProperties.swift */ = {isa = PBXFileReference; lastKnownFileType = sourcecode.swift; path = "Image+CoreDataProperties.swift"; sourceTree = "<group>"; };
		8446CD9724EBC0F10065B841 /* Favorite+CoreDataClass.swift */ = {isa = PBXFileReference; lastKnownFileType = sourcecode.swift; path = "Favorite+CoreDataClass.swift"; sourceTree = "<group>"; };
		8446CD9824EBC0F10065B841 /* Favorite+CoreDataProperties.swift */ = {isa = PBXFileReference; lastKnownFileType = sourcecode.swift; path = "Favorite+CoreDataProperties.swift"; sourceTree = "<group>"; };
		8446CD9924EBC0F10065B841 /* Review+CoreDataClass.swift */ = {isa = PBXFileReference; lastKnownFileType = sourcecode.swift; path = "Review+CoreDataClass.swift"; sourceTree = "<group>"; };
		8446CD9A24EBC0F10065B841 /* Review+CoreDataProperties.swift */ = {isa = PBXFileReference; lastKnownFileType = sourcecode.swift; path = "Review+CoreDataProperties.swift"; sourceTree = "<group>"; };
		8446CD9B24EBC0F10065B841 /* Restaurant+CoreDataClass.swift */ = {isa = PBXFileReference; lastKnownFileType = sourcecode.swift; path = "Restaurant+CoreDataClass.swift"; sourceTree = "<group>"; };
		8446CD9C24EBC0F10065B841 /* Restaurant+CoreDataProperties.swift */ = {isa = PBXFileReference; lastKnownFileType = sourcecode.swift; path = "Restaurant+CoreDataProperties.swift"; sourceTree = "<group>"; };
		8446CD9D24EBC0F10065B841 /* Location+CoreDataClass.swift */ = {isa = PBXFileReference; lastKnownFileType = sourcecode.swift; path = "Location+CoreDataClass.swift"; sourceTree = "<group>"; };
		8446CD9E24EBC0F10065B841 /* Location+CoreDataProperties.swift */ = {isa = PBXFileReference; lastKnownFileType = sourcecode.swift; path = "Location+CoreDataProperties.swift"; sourceTree = "<group>"; };
		8446CDA924EBE3420065B841 /* UIImageView+getImage.swift */ = {isa = PBXFileReference; lastKnownFileType = sourcecode.swift; path = "UIImageView+getImage.swift"; sourceTree = "<group>"; };
		84472E1F24EAAD090066A647 /* Entities.swift */ = {isa = PBXFileReference; fileEncoding = 4; lastKnownFileType = sourcecode.swift; path = Entities.swift; sourceTree = "<group>"; };
		84472E2324EAB3270066A647 /* RestaurantsViewModelDelegate.swift */ = {isa = PBXFileReference; fileEncoding = 4; lastKnownFileType = sourcecode.swift; path = RestaurantsViewModelDelegate.swift; sourceTree = "<group>"; };
		844779E324E2693D00EDF985 /* RestaurantService.swift */ = {isa = PBXFileReference; lastKnownFileType = sourcecode.swift; path = RestaurantService.swift; sourceTree = "<group>"; };
		844779ED24E2A0BF00EDF985 /* Networking.swift */ = {isa = PBXFileReference; lastKnownFileType = sourcecode.swift; path = Networking.swift; sourceTree = "<group>"; };
		844779F124E2A29900EDF985 /* RestaurantsModel.swift */ = {isa = PBXFileReference; lastKnownFileType = sourcecode.swift; path = RestaurantsModel.swift; sourceTree = "<group>"; };
		844779F324E2A6E600EDF985 /* CellViewModel.swift */ = {isa = PBXFileReference; lastKnownFileType = sourcecode.swift; path = CellViewModel.swift; sourceTree = "<group>"; };
		844779F524E2A74D00EDF985 /* RestaurantViewModel.swift */ = {isa = PBXFileReference; lastKnownFileType = sourcecode.swift; path = RestaurantViewModel.swift; sourceTree = "<group>"; };
		844779F724E2C03B00EDF985 /* RestaurantViewController.swift */ = {isa = PBXFileReference; lastKnownFileType = sourcecode.swift; path = RestaurantViewController.swift; sourceTree = "<group>"; };
		844779FB24E2CF2F00EDF985 /* FavoriteRestaurantIds.swift */ = {isa = PBXFileReference; lastKnownFileType = sourcecode.swift; path = FavoriteRestaurantIds.swift; sourceTree = "<group>"; };
		84477A0124E2D3D300EDF985 /* FavoriteRestaurantService.swift */ = {isa = PBXFileReference; lastKnownFileType = sourcecode.swift; path = FavoriteRestaurantService.swift; sourceTree = "<group>"; };
/* End PBXFileReference section */

/* Begin PBXFrameworksBuildPhase section */
		8445002424E1491E0051D413 /* Frameworks */ = {
			isa = PBXFrameworksBuildPhase;
			buildActionMask = 2147483647;
			files = (
			);
			runOnlyForDeploymentPostprocessing = 0;
		};
/* End PBXFrameworksBuildPhase section */

/* Begin PBXGroup section */
		8445001E24E1491E0051D413 = {
			isa = PBXGroup;
			children = (
				8445002924E1491E0051D413 /* RestaurantReviews */,
				8445002824E1491E0051D413 /* Products */,
			);
			sourceTree = "<group>";
		};
		8445002824E1491E0051D413 /* Products */ = {
			isa = PBXGroup;
			children = (
				8445002724E1491E0051D413 /* RestaurantReviews.app */,
			);
			name = Products;
			sourceTree = "<group>";
		};
		8445002924E1491E0051D413 /* RestaurantReviews */ = {
			isa = PBXGroup;
			children = (
				844779EB24E2A02E00EDF985 /* CoreData */,
				844779EC24E2A05900EDF985 /* Services */,
				8445004124E14A1B0051D413 /* Model */,
				8445006D24E163170051D413 /* ViewModel */,
				8445006C24E162EF0051D413 /* View */,
				8446CDAB24EBE6730065B841 /* Extension */,
				8445002A24E1491E0051D413 /* AppDelegate.swift */,
				8445002C24E1491E0051D413 /* SceneDelegate.swift */,
				84472E2324EAB3270066A647 /* RestaurantsViewModelDelegate.swift */,
				8446CD9324EBAD9D0065B841 /* RestaurantModelDelegate.swift */,
				8445007424E194680051D413 /* DataManager.swift */,
				84466BA924E6E6BB00019780 /* TimeCheck.swift */,
				8445003024E1491E0051D413 /* Main.storyboard */,
				8445003624E149200051D413 /* Assets.xcassets */,
				8445003824E149200051D413 /* LaunchScreen.storyboard */,
				8445003B24E149200051D413 /* Info.plist */,
				8445003324E1491E0051D413 /* RestaurantReviews.xcdatamodeld */,
			);
			path = RestaurantReviews;
			sourceTree = "<group>";
		};
		8445004124E14A1B0051D413 /* Model */ = {
			isa = PBXGroup;
			children = (
				844779F124E2A29900EDF985 /* RestaurantsModel.swift */,
				844779FB24E2CF2F00EDF985 /* FavoriteRestaurantIds.swift */,
			);
			path = Model;
			sourceTree = "<group>";
		};
		8445006C24E162EF0051D413 /* View */ = {
			isa = PBXGroup;
			children = (
				8445006824E15EF10051D413 /* RestaurantsViewController.swift */,
				8445006A24E15F350051D413 /* MapViewController.swift */,
				8445007024E164CB0051D413 /* TableViewCell.swift */,
				844779F724E2C03B00EDF985 /* RestaurantViewController.swift */,
			);
			path = View;
			sourceTree = "<group>";
		};
		8445006D24E163170051D413 /* ViewModel */ = {
			isa = PBXGroup;
			children = (
				8445006E24E163E10051D413 /* RestaurantsViewModel.swift */,
				8446C8F524E3D1D300B3307E /* MapViewModel.swift */,
				844779F324E2A6E600EDF985 /* CellViewModel.swift */,
				844779F524E2A74D00EDF985 /* RestaurantViewModel.swift */,
			);
			path = ViewModel;
			sourceTree = "<group>";
		};
		8446CDAB24EBE6730065B841 /* Extension */ = {
			isa = PBXGroup;
			children = (
				8446CDA924EBE3420065B841 /* UIImageView+getImage.swift */,
			);
			path = Extension;
			sourceTree = "<group>";
		};
		844779EB24E2A02E00EDF985 /* CoreData */ = {
			isa = PBXGroup;
			children = (
				8446CD9524EBC0F10065B841 /* Image+CoreDataClass.swift */,
				8446CD9624EBC0F10065B841 /* Image+CoreDataProperties.swift */,
				8446CD9724EBC0F10065B841 /* Favorite+CoreDataClass.swift */,
				8446CD9824EBC0F10065B841 /* Favorite+CoreDataProperties.swift */,
				8446CD9924EBC0F10065B841 /* Review+CoreDataClass.swift */,
				8446CD9A24EBC0F10065B841 /* Review+CoreDataProperties.swift */,
				8446CD9B24EBC0F10065B841 /* Restaurant+CoreDataClass.swift */,
				8446CD9C24EBC0F10065B841 /* Restaurant+CoreDataProperties.swift */,
				8446CD9D24EBC0F10065B841 /* Location+CoreDataClass.swift */,
				8446CD9E24EBC0F10065B841 /* Location+CoreDataProperties.swift */,
				84472E1F24EAAD090066A647 /* Entities.swift */,
			);
			path = CoreData;
			sourceTree = "<group>";
		};
		844779EC24E2A05900EDF985 /* Services */ = {
			isa = PBXGroup;
			children = (
				844779E324E2693D00EDF985 /* RestaurantService.swift */,
				84477A0124E2D3D300EDF985 /* FavoriteRestaurantService.swift */,
				844779ED24E2A0BF00EDF985 /* Networking.swift */,
			);
			path = Services;
			sourceTree = "<group>";
		};
/* End PBXGroup section */

/* Begin PBXNativeTarget section */
		8445002624E1491E0051D413 /* RestaurantReviews */ = {
			isa = PBXNativeTarget;
			buildConfigurationList = 8445003E24E149200051D413 /* Build configuration list for PBXNativeTarget "RestaurantReviews" */;
			buildPhases = (
				8445002324E1491E0051D413 /* Sources */,
				8445002424E1491E0051D413 /* Frameworks */,
				8445002524E1491E0051D413 /* Resources */,
			);
			buildRules = (
			);
			dependencies = (
			);
			name = RestaurantReviews;
			productName = RestaurantReviews;
			productReference = 8445002724E1491E0051D413 /* RestaurantReviews.app */;
			productType = "com.apple.product-type.application";
		};
/* End PBXNativeTarget section */

/* Begin PBXProject section */
		8445001F24E1491E0051D413 /* Project object */ = {
			isa = PBXProject;
			attributes = {
				LastSwiftUpdateCheck = 1150;
				LastUpgradeCheck = 1150;
				ORGANIZATIONNAME = Admin;
				TargetAttributes = {
					8445002624E1491E0051D413 = {
						CreatedOnToolsVersion = 11.5;
					};
				};
			};
			buildConfigurationList = 8445002224E1491E0051D413 /* Build configuration list for PBXProject "RestaurantReviews" */;
			compatibilityVersion = "Xcode 9.3";
			developmentRegion = en;
			hasScannedForEncodings = 0;
			knownRegions = (
				en,
				Base,
			);
			mainGroup = 8445001E24E1491E0051D413;
			productRefGroup = 8445002824E1491E0051D413 /* Products */;
			projectDirPath = "";
			projectRoot = "";
			targets = (
				8445002624E1491E0051D413 /* RestaurantReviews */,
			);
		};
/* End PBXProject section */

/* Begin PBXResourcesBuildPhase section */
		8445002524E1491E0051D413 /* Resources */ = {
			isa = PBXResourcesBuildPhase;
			buildActionMask = 2147483647;
			files = (
				8445003A24E149200051D413 /* LaunchScreen.storyboard in Resources */,
				8445003724E149200051D413 /* Assets.xcassets in Resources */,
				8445003224E1491E0051D413 /* Main.storyboard in Resources */,
			);
			runOnlyForDeploymentPostprocessing = 0;
		};
/* End PBXResourcesBuildPhase section */

/* Begin PBXSourcesBuildPhase section */
		8445002324E1491E0051D413 /* Sources */ = {
			isa = PBXSourcesBuildPhase;
			buildActionMask = 2147483647;
			files = (
				8445003524E1491E0051D413 /* RestaurantReviews.xcdatamodeld in Sources */,
				8446CDA624EBC0F10065B841 /* Restaurant+CoreDataProperties.swift in Sources */,
				8445006F24E163E10051D413 /* RestaurantsViewModel.swift in Sources */,
				844779E424E2693D00EDF985 /* RestaurantService.swift in Sources */,
				844779F224E2A29900EDF985 /* RestaurantsModel.swift in Sources */,
				844779F824E2C03B00EDF985 /* RestaurantViewController.swift in Sources */,
				8446CD9F24EBC0F10065B841 /* Image+CoreDataClass.swift in Sources */,
				8446CDA524EBC0F10065B841 /* Restaurant+CoreDataClass.swift in Sources */,
				8445006924E15EF10051D413 /* RestaurantsViewController.swift in Sources */,
				8446C8F624E3D1D300B3307E /* MapViewModel.swift in Sources */,
				844779F424E2A6E600EDF985 /* CellViewModel.swift in Sources */,
				8446CDA024EBC0F10065B841 /* Image+CoreDataProperties.swift in Sources */,
				8446CD9424EBAD9D0065B841 /* RestaurantModelDelegate.swift in Sources */,
				8446CDA224EBC0F10065B841 /* Favorite+CoreDataProperties.swift in Sources */,
				84466BAA24E6E6BB00019780 /* TimeCheck.swift in Sources */,
				8445002B24E1491E0051D413 /* AppDelegate.swift in Sources */,
				844779F624E2A74D00EDF985 /* RestaurantViewModel.swift in Sources */,
				84477A0224E2D3D300EDF985 /* FavoriteRestaurantService.swift in Sources */,
				8446CDA724EBC0F10065B841 /* Location+CoreDataClass.swift in Sources */,
				844779FC24E2CF2F00EDF985 /* FavoriteRestaurantIds.swift in Sources */,
				8445006B24E15F350051D413 /* MapViewController.swift in Sources */,
				8445007124E164CB0051D413 /* TableViewCell.swift in Sources */,
				84472E2424EAB3270066A647 /* RestaurantsViewModelDelegate.swift in Sources */,
				8446CDA124EBC0F10065B841 /* Favorite+CoreDataClass.swift in Sources */,
				8446CDA324EBC0F10065B841 /* Review+CoreDataClass.swift in Sources */,
				8446CDA424EBC0F10065B841 /* Review+CoreDataProperties.swift in Sources */,
				844779EE24E2A0BF00EDF985 /* Networking.swift in Sources */,
				8445007524E194680051D413 /* DataManager.swift in Sources */,
				8445002D24E1491E0051D413 /* SceneDelegate.swift in Sources */,
				84472E2124EAAD090066A647 /* Entities.swift in Sources */,
				8446CDA824EBC0F10065B841 /* Location+CoreDataProperties.swift in Sources */,
				8446CDAA24EBE3420065B841 /* UIImageView+getImage.swift in Sources */,
			);
			runOnlyForDeploymentPostprocessing = 0;
		};
/* End PBXSourcesBuildPhase section */

/* Begin PBXVariantGroup section */
		8445003024E1491E0051D413 /* Main.storyboard */ = {
			isa = PBXVariantGroup;
			children = (
				8445003124E1491E0051D413 /* Base */,
			);
			name = Main.storyboard;
			sourceTree = "<group>";
		};
		8445003824E149200051D413 /* LaunchScreen.storyboard */ = {
			isa = PBXVariantGroup;
			children = (
				8445003924E149200051D413 /* Base */,
			);
			name = LaunchScreen.storyboard;
			sourceTree = "<group>";
		};
/* End PBXVariantGroup section */

/* Begin XCBuildConfiguration section */
		8445003C24E149200051D413 /* Debug */ = {
			isa = XCBuildConfiguration;
			buildSettings = {
				ALWAYS_SEARCH_USER_PATHS = NO;
				CLANG_ANALYZER_NONNULL = YES;
				CLANG_ANALYZER_NUMBER_OBJECT_CONVERSION = YES_AGGRESSIVE;
				CLANG_CXX_LANGUAGE_STANDARD = "gnu++14";
				CLANG_CXX_LIBRARY = "libc++";
				CLANG_ENABLE_MODULES = YES;
				CLANG_ENABLE_OBJC_ARC = YES;
				CLANG_ENABLE_OBJC_WEAK = YES;
				CLANG_WARN_BLOCK_CAPTURE_AUTORELEASING = YES;
				CLANG_WARN_BOOL_CONVERSION = YES;
				CLANG_WARN_COMMA = YES;
				CLANG_WARN_CONSTANT_CONVERSION = YES;
				CLANG_WARN_DEPRECATED_OBJC_IMPLEMENTATIONS = YES;
				CLANG_WARN_DIRECT_OBJC_ISA_USAGE = YES_ERROR;
				CLANG_WARN_DOCUMENTATION_COMMENTS = YES;
				CLANG_WARN_EMPTY_BODY = YES;
				CLANG_WARN_ENUM_CONVERSION = YES;
				CLANG_WARN_INFINITE_RECURSION = YES;
				CLANG_WARN_INT_CONVERSION = YES;
				CLANG_WARN_NON_LITERAL_NULL_CONVERSION = YES;
				CLANG_WARN_OBJC_IMPLICIT_RETAIN_SELF = YES;
				CLANG_WARN_OBJC_LITERAL_CONVERSION = YES;
				CLANG_WARN_OBJC_ROOT_CLASS = YES_ERROR;
				CLANG_WARN_RANGE_LOOP_ANALYSIS = YES;
				CLANG_WARN_STRICT_PROTOTYPES = YES;
				CLANG_WARN_SUSPICIOUS_MOVE = YES;
				CLANG_WARN_UNGUARDED_AVAILABILITY = YES_AGGRESSIVE;
				CLANG_WARN_UNREACHABLE_CODE = YES;
				CLANG_WARN__DUPLICATE_METHOD_MATCH = YES;
				COPY_PHASE_STRIP = NO;
				DEBUG_INFORMATION_FORMAT = dwarf;
				ENABLE_STRICT_OBJC_MSGSEND = YES;
				ENABLE_TESTABILITY = YES;
				GCC_C_LANGUAGE_STANDARD = gnu11;
				GCC_DYNAMIC_NO_PIC = NO;
				GCC_NO_COMMON_BLOCKS = YES;
				GCC_OPTIMIZATION_LEVEL = 0;
				GCC_PREPROCESSOR_DEFINITIONS = (
					"DEBUG=1",
					"$(inherited)",
				);
				GCC_WARN_64_TO_32_BIT_CONVERSION = YES;
				GCC_WARN_ABOUT_RETURN_TYPE = YES_ERROR;
				GCC_WARN_UNDECLARED_SELECTOR = YES;
				GCC_WARN_UNINITIALIZED_AUTOS = YES_AGGRESSIVE;
				GCC_WARN_UNUSED_FUNCTION = YES;
				GCC_WARN_UNUSED_VARIABLE = YES;
				IPHONEOS_DEPLOYMENT_TARGET = 13.5;
				MTL_ENABLE_DEBUG_INFO = INCLUDE_SOURCE;
				MTL_FAST_MATH = YES;
				ONLY_ACTIVE_ARCH = YES;
				SDKROOT = iphoneos;
				SWIFT_ACTIVE_COMPILATION_CONDITIONS = DEBUG;
				SWIFT_OPTIMIZATION_LEVEL = "-Onone";
			};
			name = Debug;
		};
		8445003D24E149200051D413 /* Release */ = {
			isa = XCBuildConfiguration;
			buildSettings = {
				ALWAYS_SEARCH_USER_PATHS = NO;
				CLANG_ANALYZER_NONNULL = YES;
				CLANG_ANALYZER_NUMBER_OBJECT_CONVERSION = YES_AGGRESSIVE;
				CLANG_CXX_LANGUAGE_STANDARD = "gnu++14";
				CLANG_CXX_LIBRARY = "libc++";
				CLANG_ENABLE_MODULES = YES;
				CLANG_ENABLE_OBJC_ARC = YES;
				CLANG_ENABLE_OBJC_WEAK = YES;
				CLANG_WARN_BLOCK_CAPTURE_AUTORELEASING = YES;
				CLANG_WARN_BOOL_CONVERSION = YES;
				CLANG_WARN_COMMA = YES;
				CLANG_WARN_CONSTANT_CONVERSION = YES;
				CLANG_WARN_DEPRECATED_OBJC_IMPLEMENTATIONS = YES;
				CLANG_WARN_DIRECT_OBJC_ISA_USAGE = YES_ERROR;
				CLANG_WARN_DOCUMENTATION_COMMENTS = YES;
				CLANG_WARN_EMPTY_BODY = YES;
				CLANG_WARN_ENUM_CONVERSION = YES;
				CLANG_WARN_INFINITE_RECURSION = YES;
				CLANG_WARN_INT_CONVERSION = YES;
				CLANG_WARN_NON_LITERAL_NULL_CONVERSION = YES;
				CLANG_WARN_OBJC_IMPLICIT_RETAIN_SELF = YES;
				CLANG_WARN_OBJC_LITERAL_CONVERSION = YES;
				CLANG_WARN_OBJC_ROOT_CLASS = YES_ERROR;
				CLANG_WARN_RANGE_LOOP_ANALYSIS = YES;
				CLANG_WARN_STRICT_PROTOTYPES = YES;
				CLANG_WARN_SUSPICIOUS_MOVE = YES;
				CLANG_WARN_UNGUARDED_AVAILABILITY = YES_AGGRESSIVE;
				CLANG_WARN_UNREACHABLE_CODE = YES;
				CLANG_WARN__DUPLICATE_METHOD_MATCH = YES;
				COPY_PHASE_STRIP = NO;
				DEBUG_INFORMATION_FORMAT = "dwarf-with-dsym";
				ENABLE_NS_ASSERTIONS = NO;
				ENABLE_STRICT_OBJC_MSGSEND = YES;
				GCC_C_LANGUAGE_STANDARD = gnu11;
				GCC_NO_COMMON_BLOCKS = YES;
				GCC_WARN_64_TO_32_BIT_CONVERSION = YES;
				GCC_WARN_ABOUT_RETURN_TYPE = YES_ERROR;
				GCC_WARN_UNDECLARED_SELECTOR = YES;
				GCC_WARN_UNINITIALIZED_AUTOS = YES_AGGRESSIVE;
				GCC_WARN_UNUSED_FUNCTION = YES;
				GCC_WARN_UNUSED_VARIABLE = YES;
				IPHONEOS_DEPLOYMENT_TARGET = 13.5;
				MTL_ENABLE_DEBUG_INFO = NO;
				MTL_FAST_MATH = YES;
				SDKROOT = iphoneos;
				SWIFT_COMPILATION_MODE = wholemodule;
				SWIFT_OPTIMIZATION_LEVEL = "-O";
				VALIDATE_PRODUCT = YES;
			};
			name = Release;
		};
		8445003F24E149200051D413 /* Debug */ = {
			isa = XCBuildConfiguration;
			buildSettings = {
				ASSETCATALOG_COMPILER_APPICON_NAME = AppIcon;
				CODE_SIGN_STYLE = Automatic;
				INFOPLIST_FILE = RestaurantReviews/Info.plist;
				LD_RUNPATH_SEARCH_PATHS = (
					"$(inherited)",
					"@executable_path/Frameworks",
				);
				PRODUCT_BUNDLE_IDENTIFIER = com.myApp.RestaurantReviews;
				PRODUCT_NAME = "$(TARGET_NAME)";
				SWIFT_VERSION = 5.0;
				TARGETED_DEVICE_FAMILY = "1,2";
			};
			name = Debug;
		};
		8445004024E149200051D413 /* Release */ = {
			isa = XCBuildConfiguration;
			buildSettings = {
				ASSETCATALOG_COMPILER_APPICON_NAME = AppIcon;
				CODE_SIGN_STYLE = Automatic;
				INFOPLIST_FILE = RestaurantReviews/Info.plist;
				LD_RUNPATH_SEARCH_PATHS = (
					"$(inherited)",
					"@executable_path/Frameworks",
				);
				PRODUCT_BUNDLE_IDENTIFIER = com.myApp.RestaurantReviews;
				PRODUCT_NAME = "$(TARGET_NAME)";
				SWIFT_VERSION = 5.0;
				TARGETED_DEVICE_FAMILY = "1,2";
			};
			name = Release;
		};
/* End XCBuildConfiguration section */

/* Begin XCConfigurationList section */
		8445002224E1491E0051D413 /* Build configuration list for PBXProject "RestaurantReviews" */ = {
			isa = XCConfigurationList;
			buildConfigurations = (
				8445003C24E149200051D413 /* Debug */,
				8445003D24E149200051D413 /* Release */,
			);
			defaultConfigurationIsVisible = 0;
			defaultConfigurationName = Release;
		};
		8445003E24E149200051D413 /* Build configuration list for PBXNativeTarget "RestaurantReviews" */ = {
			isa = XCConfigurationList;
			buildConfigurations = (
				8445003F24E149200051D413 /* Debug */,
				8445004024E149200051D413 /* Release */,
			);
			defaultConfigurationIsVisible = 0;
			defaultConfigurationName = Release;
		};
/* End XCConfigurationList section */

/* Begin XCVersionGroup section */
		8445003324E1491E0051D413 /* RestaurantReviews.xcdatamodeld */ = {
			isa = XCVersionGroup;
			children = (
				8445003424E1491E0051D413 /* RestaurantReviews.xcdatamodel */,
			);
			currentVersion = 8445003424E1491E0051D413 /* RestaurantReviews.xcdatamodel */;
			path = RestaurantReviews.xcdatamodeld;
			sourceTree = "<group>";
			versionGroupType = wrapper.xcdatamodel;
		};
/* End XCVersionGroup section */
	};
	rootObject = 8445001F24E1491E0051D413 /* Project object */;
}
