// !$*UTF8*$!
{
	archiveVersion = 1;
	classes = {
	};
	objectVersion = 50;
	objects = {

/* Begin PBXBuildFile section */
		8446D5FE24B332D600FC1A87 /* AppDelegate.swift in Sources */ = {isa = PBXBuildFile; fileRef = 8446D5FD24B332D600FC1A87 /* AppDelegate.swift */; };
		8446D60024B332D600FC1A87 /* SceneDelegate.swift in Sources */ = {isa = PBXBuildFile; fileRef = 8446D5FF24B332D600FC1A87 /* SceneDelegate.swift */; };
		8446D60724B332D900FC1A87 /* Assets.xcassets in Resources */ = {isa = PBXBuildFile; fileRef = 8446D60624B332D900FC1A87 /* Assets.xcassets */; };
		8446D60A24B332D900FC1A87 /* LaunchScreen.storyboard in Resources */ = {isa = PBXBuildFile; fileRef = 8446D60824B332D900FC1A87 /* LaunchScreen.storyboard */; };
		8446D61424B33BFA00FC1A87 /* TabBarController.swift in Sources */ = {isa = PBXBuildFile; fileRef = 8446D61324B33BFA00FC1A87 /* TabBarController.swift */; };
		8446D62224B3500600FC1A87 /* AddViewController.swift in Sources */ = {isa = PBXBuildFile; fileRef = 8446D62124B3500600FC1A87 /* AddViewController.swift */; };
		8446D62424B3501800FC1A87 /* StatisticsViewController.swift in Sources */ = {isa = PBXBuildFile; fileRef = 8446D62324B3501800FC1A87 /* StatisticsViewController.swift */; };
		8446D62E24B35B0600FC1A87 /* TableViewController.swift in Sources */ = {isa = PBXBuildFile; fileRef = 8446D62D24B35B0600FC1A87 /* TableViewController.swift */; };
		8446D63024B3763400FC1A87 /* TableViewCell.swift in Sources */ = {isa = PBXBuildFile; fileRef = 8446D62F24B3763400FC1A87 /* TableViewCell.swift */; };
		8446D63224B3774C00FC1A87 /* TabBarItems.swift in Sources */ = {isa = PBXBuildFile; fileRef = 8446D63124B3774C00FC1A87 /* TabBarItems.swift */; };
		8446D63424B37CDB00FC1A87 /* DataSource.swift in Sources */ = {isa = PBXBuildFile; fileRef = 8446D63324B37CDB00FC1A87 /* DataSource.swift */; };
		844C837024B5A32B0007F9B3 /* EditorViewController.swift in Sources */ = {isa = PBXBuildFile; fileRef = 844C836F24B5A32B0007F9B3 /* EditorViewController.swift */; };
		844C837224B5A4C20007F9B3 /* TableViewControllerDelegate.swift in Sources */ = {isa = PBXBuildFile; fileRef = 844C837124B5A4C20007F9B3 /* TableViewControllerDelegate.swift */; };
/* End PBXBuildFile section */

/* Begin PBXFileReference section */
		8446D5FA24B332D600FC1A87 /* TableManagementProgrammatically.app */ = {isa = PBXFileReference; explicitFileType = wrapper.application; includeInIndex = 0; path = TableManagementProgrammatically.app; sourceTree = BUILT_PRODUCTS_DIR; };
		8446D5FD24B332D600FC1A87 /* AppDelegate.swift */ = {isa = PBXFileReference; lastKnownFileType = sourcecode.swift; path = AppDelegate.swift; sourceTree = "<group>"; };
		8446D5FF24B332D600FC1A87 /* SceneDelegate.swift */ = {isa = PBXFileReference; lastKnownFileType = sourcecode.swift; path = SceneDelegate.swift; sourceTree = "<group>"; };
		8446D60624B332D900FC1A87 /* Assets.xcassets */ = {isa = PBXFileReference; lastKnownFileType = folder.assetcatalog; path = Assets.xcassets; sourceTree = "<group>"; };
		8446D60924B332D900FC1A87 /* Base */ = {isa = PBXFileReference; lastKnownFileType = file.storyboard; name = Base; path = Base.lproj/LaunchScreen.storyboard; sourceTree = "<group>"; };
		8446D60B24B332D900FC1A87 /* Info.plist */ = {isa = PBXFileReference; lastKnownFileType = text.plist.xml; path = Info.plist; sourceTree = "<group>"; };
		8446D61324B33BFA00FC1A87 /* TabBarController.swift */ = {isa = PBXFileReference; lastKnownFileType = sourcecode.swift; path = TabBarController.swift; sourceTree = "<group>"; };
		8446D62124B3500600FC1A87 /* AddViewController.swift */ = {isa = PBXFileReference; lastKnownFileType = sourcecode.swift; path = AddViewController.swift; sourceTree = "<group>"; };
		8446D62324B3501800FC1A87 /* StatisticsViewController.swift */ = {isa = PBXFileReference; lastKnownFileType = sourcecode.swift; path = StatisticsViewController.swift; sourceTree = "<group>"; };
		8446D62D24B35B0600FC1A87 /* TableViewController.swift */ = {isa = PBXFileReference; lastKnownFileType = sourcecode.swift; path = TableViewController.swift; sourceTree = "<group>"; };
		8446D62F24B3763400FC1A87 /* TableViewCell.swift */ = {isa = PBXFileReference; lastKnownFileType = sourcecode.swift; path = TableViewCell.swift; sourceTree = "<group>"; };
		8446D63124B3774C00FC1A87 /* TabBarItems.swift */ = {isa = PBXFileReference; fileEncoding = 4; lastKnownFileType = sourcecode.swift; path = TabBarItems.swift; sourceTree = "<group>"; };
		8446D63324B37CDB00FC1A87 /* DataSource.swift */ = {isa = PBXFileReference; fileEncoding = 4; lastKnownFileType = sourcecode.swift; path = DataSource.swift; sourceTree = "<group>"; };
		844C836F24B5A32B0007F9B3 /* EditorViewController.swift */ = {isa = PBXFileReference; lastKnownFileType = sourcecode.swift; path = EditorViewController.swift; sourceTree = "<group>"; };
		844C837124B5A4C20007F9B3 /* TableViewControllerDelegate.swift */ = {isa = PBXFileReference; fileEncoding = 4; lastKnownFileType = sourcecode.swift; path = TableViewControllerDelegate.swift; sourceTree = "<group>"; };
/* End PBXFileReference section */

/* Begin PBXFrameworksBuildPhase section */
		8446D5F724B332D600FC1A87 /* Frameworks */ = {
			isa = PBXFrameworksBuildPhase;
			buildActionMask = 2147483647;
			files = (
			);
			runOnlyForDeploymentPostprocessing = 0;
		};
/* End PBXFrameworksBuildPhase section */

/* Begin PBXGroup section */
		8446D5F124B332D600FC1A87 = {
			isa = PBXGroup;
			children = (
				8446D5FC24B332D600FC1A87 /* TableManagementProgrammatically */,
				8446D5FB24B332D600FC1A87 /* Products */,
			);
			sourceTree = "<group>";
		};
		8446D5FB24B332D600FC1A87 /* Products */ = {
			isa = PBXGroup;
			children = (
				8446D5FA24B332D600FC1A87 /* TableManagementProgrammatically.app */,
			);
			name = Products;
			sourceTree = "<group>";
		};
		8446D5FC24B332D600FC1A87 /* TableManagementProgrammatically */ = {
			isa = PBXGroup;
			children = (
				8446D5FD24B332D600FC1A87 /* AppDelegate.swift */,
				8446D5FF24B332D600FC1A87 /* SceneDelegate.swift */,
				844C837124B5A4C20007F9B3 /* TableViewControllerDelegate.swift */,
				8446D63124B3774C00FC1A87 /* TabBarItems.swift */,
				8446D61324B33BFA00FC1A87 /* TabBarController.swift */,
				8446D62D24B35B0600FC1A87 /* TableViewController.swift */,
				8446D62F24B3763400FC1A87 /* TableViewCell.swift */,
				8446D62124B3500600FC1A87 /* AddViewController.swift */,
				8446D62324B3501800FC1A87 /* StatisticsViewController.swift */,
				844C836F24B5A32B0007F9B3 /* EditorViewController.swift */,
				8446D63324B37CDB00FC1A87 /* DataSource.swift */,
				8446D60624B332D900FC1A87 /* Assets.xcassets */,
				8446D60824B332D900FC1A87 /* LaunchScreen.storyboard */,
				8446D60B24B332D900FC1A87 /* Info.plist */,
			);
			path = TableManagementProgrammatically;
			sourceTree = "<group>";
		};
/* End PBXGroup section */

/* Begin PBXNativeTarget section */
		8446D5F924B332D600FC1A87 /* TableManagementProgrammatically */ = {
			isa = PBXNativeTarget;
			buildConfigurationList = 8446D60E24B332D900FC1A87 /* Build configuration list for PBXNativeTarget "TableManagementProgrammatically" */;
			buildPhases = (
				8446D5F624B332D600FC1A87 /* Sources */,
				8446D5F724B332D600FC1A87 /* Frameworks */,
				8446D5F824B332D600FC1A87 /* Resources */,
			);
			buildRules = (
			);
			dependencies = (
			);
			name = TableManagementProgrammatically;
			productName = TableManagementProgrammatically;
			productReference = 8446D5FA24B332D600FC1A87 /* TableManagementProgrammatically.app */;
			productType = "com.apple.product-type.application";
		};
/* End PBXNativeTarget section */

/* Begin PBXProject section */
		8446D5F224B332D600FC1A87 /* Project object */ = {
			isa = PBXProject;
			attributes = {
				LastSwiftUpdateCheck = 1150;
				LastUpgradeCheck = 1150;
				ORGANIZATIONNAME = Admin;
				TargetAttributes = {
					8446D5F924B332D600FC1A87 = {
						CreatedOnToolsVersion = 11.5;
					};
				};
			};
			buildConfigurationList = 8446D5F524B332D600FC1A87 /* Build configuration list for PBXProject "TableManagementProgrammatically" */;
			compatibilityVersion = "Xcode 9.3";
			developmentRegion = en;
			hasScannedForEncodings = 0;
			knownRegions = (
				en,
				Base,
			);
			mainGroup = 8446D5F124B332D600FC1A87;
			productRefGroup = 8446D5FB24B332D600FC1A87 /* Products */;
			projectDirPath = "";
			projectRoot = "";
			targets = (
				8446D5F924B332D600FC1A87 /* TableManagementProgrammatically */,
			);
		};
/* End PBXProject section */

/* Begin PBXResourcesBuildPhase section */
		8446D5F824B332D600FC1A87 /* Resources */ = {
			isa = PBXResourcesBuildPhase;
			buildActionMask = 2147483647;
			files = (
				8446D60A24B332D900FC1A87 /* LaunchScreen.storyboard in Resources */,
				8446D60724B332D900FC1A87 /* Assets.xcassets in Resources */,
			);
			runOnlyForDeploymentPostprocessing = 0;
		};
/* End PBXResourcesBuildPhase section */

/* Begin PBXSourcesBuildPhase section */
		8446D5F624B332D600FC1A87 /* Sources */ = {
			isa = PBXSourcesBuildPhase;
			buildActionMask = 2147483647;
			files = (
				844C837224B5A4C20007F9B3 /* TableViewControllerDelegate.swift in Sources */,
				8446D5FE24B332D600FC1A87 /* AppDelegate.swift in Sources */,
				8446D61424B33BFA00FC1A87 /* TabBarController.swift in Sources */,
				8446D63224B3774C00FC1A87 /* TabBarItems.swift in Sources */,
				844C837024B5A32B0007F9B3 /* EditorViewController.swift in Sources */,
				8446D63424B37CDB00FC1A87 /* DataSource.swift in Sources */,
				8446D63024B3763400FC1A87 /* TableViewCell.swift in Sources */,
				8446D62224B3500600FC1A87 /* AddViewController.swift in Sources */,
				8446D62424B3501800FC1A87 /* StatisticsViewController.swift in Sources */,
				8446D62E24B35B0600FC1A87 /* TableViewController.swift in Sources */,
				8446D60024B332D600FC1A87 /* SceneDelegate.swift in Sources */,
			);
			runOnlyForDeploymentPostprocessing = 0;
		};
/* End PBXSourcesBuildPhase section */

/* Begin PBXVariantGroup section */
		8446D60824B332D900FC1A87 /* LaunchScreen.storyboard */ = {
			isa = PBXVariantGroup;
			children = (
				8446D60924B332D900FC1A87 /* Base */,
			);
			name = LaunchScreen.storyboard;
			sourceTree = "<group>";
		};
/* End PBXVariantGroup section */

/* Begin XCBuildConfiguration section */
		8446D60C24B332D900FC1A87 /* Debug */ = {
			isa = XCBuildConfiguration;
			buildSettings = {
				ALWAYS_SEARCH_USER_PATHS = NO;
				CLANG_ANALYZER_NONNULL = YES;
				CLANG_ANALYZER_NUMBER_OBJECT_CONVERSION = YES_AGGRESSIVE;
				CLANG_CXX_LANGUAGE_STANDARD = "gnu++14";
				CLANG_CXX_LIBRARY = "libc++";
				CLANG_ENABLE_MODULES = YES;
				CLANG_ENABLE_OBJC_ARC = YES;
				CLANG_ENABLE_OBJC_WEAK = YES;
				CLANG_WARN_BLOCK_CAPTURE_AUTORELEASING = YES;
				CLANG_WARN_BOOL_CONVERSION = YES;
				CLANG_WARN_COMMA = YES;
				CLANG_WARN_CONSTANT_CONVERSION = YES;
				CLANG_WARN_DEPRECATED_OBJC_IMPLEMENTATIONS = YES;
				CLANG_WARN_DIRECT_OBJC_ISA_USAGE = YES_ERROR;
				CLANG_WARN_DOCUMENTATION_COMMENTS = YES;
				CLANG_WARN_EMPTY_BODY = YES;
				CLANG_WARN_ENUM_CONVERSION = YES;
				CLANG_WARN_INFINITE_RECURSION = YES;
				CLANG_WARN_INT_CONVERSION = YES;
				CLANG_WARN_NON_LITERAL_NULL_CONVERSION = YES;
				CLANG_WARN_OBJC_IMPLICIT_RETAIN_SELF = YES;
				CLANG_WARN_OBJC_LITERAL_CONVERSION = YES;
				CLANG_WARN_OBJC_ROOT_CLASS = YES_ERROR;
				CLANG_WARN_RANGE_LOOP_ANALYSIS = YES;
				CLANG_WARN_STRICT_PROTOTYPES = YES;
				CLANG_WARN_SUSPICIOUS_MOVE = YES;
				CLANG_WARN_UNGUARDED_AVAILABILITY = YES_AGGRESSIVE;
				CLANG_WARN_UNREACHABLE_CODE = YES;
				CLANG_WARN__DUPLICATE_METHOD_MATCH = YES;
				COPY_PHASE_STRIP = NO;
				DEBUG_INFORMATION_FORMAT = dwarf;
				ENABLE_STRICT_OBJC_MSGSEND = YES;
				ENABLE_TESTABILITY = YES;
				GCC_C_LANGUAGE_STANDARD = gnu11;
				GCC_DYNAMIC_NO_PIC = NO;
				GCC_NO_COMMON_BLOCKS = YES;
				GCC_OPTIMIZATION_LEVEL = 0;
				GCC_PREPROCESSOR_DEFINITIONS = (
					"DEBUG=1",
					"$(inherited)",
				);
				GCC_WARN_64_TO_32_BIT_CONVERSION = YES;
				GCC_WARN_ABOUT_RETURN_TYPE = YES_ERROR;
				GCC_WARN_UNDECLARED_SELECTOR = YES;
				GCC_WARN_UNINITIALIZED_AUTOS = YES_AGGRESSIVE;
				GCC_WARN_UNUSED_FUNCTION = YES;
				GCC_WARN_UNUSED_VARIABLE = YES;
				IPHONEOS_DEPLOYMENT_TARGET = 13.5;
				MTL_ENABLE_DEBUG_INFO = INCLUDE_SOURCE;
				MTL_FAST_MATH = YES;
				ONLY_ACTIVE_ARCH = YES;
				SDKROOT = iphoneos;
				SWIFT_ACTIVE_COMPILATION_CONDITIONS = DEBUG;
				SWIFT_OPTIMIZATION_LEVEL = "-Onone";
			};
			name = Debug;
		};
		8446D60D24B332D900FC1A87 /* Release */ = {
			isa = XCBuildConfiguration;
			buildSettings = {
				ALWAYS_SEARCH_USER_PATHS = NO;
				CLANG_ANALYZER_NONNULL = YES;
				CLANG_ANALYZER_NUMBER_OBJECT_CONVERSION = YES_AGGRESSIVE;
				CLANG_CXX_LANGUAGE_STANDARD = "gnu++14";
				CLANG_CXX_LIBRARY = "libc++";
				CLANG_ENABLE_MODULES = YES;
				CLANG_ENABLE_OBJC_ARC = YES;
				CLANG_ENABLE_OBJC_WEAK = YES;
				CLANG_WARN_BLOCK_CAPTURE_AUTORELEASING = YES;
				CLANG_WARN_BOOL_CONVERSION = YES;
				CLANG_WARN_COMMA = YES;
				CLANG_WARN_CONSTANT_CONVERSION = YES;
				CLANG_WARN_DEPRECATED_OBJC_IMPLEMENTATIONS = YES;
				CLANG_WARN_DIRECT_OBJC_ISA_USAGE = YES_ERROR;
				CLANG_WARN_DOCUMENTATION_COMMENTS = YES;
				CLANG_WARN_EMPTY_BODY = YES;
				CLANG_WARN_ENUM_CONVERSION = YES;
				CLANG_WARN_INFINITE_RECURSION = YES;
				CLANG_WARN_INT_CONVERSION = YES;
				CLANG_WARN_NON_LITERAL_NULL_CONVERSION = YES;
				CLANG_WARN_OBJC_IMPLICIT_RETAIN_SELF = YES;
				CLANG_WARN_OBJC_LITERAL_CONVERSION = YES;
				CLANG_WARN_OBJC_ROOT_CLASS = YES_ERROR;
				CLANG_WARN_RANGE_LOOP_ANALYSIS = YES;
				CLANG_WARN_STRICT_PROTOTYPES = YES;
				CLANG_WARN_SUSPICIOUS_MOVE = YES;
				CLANG_WARN_UNGUARDED_AVAILABILITY = YES_AGGRESSIVE;
				CLANG_WARN_UNREACHABLE_CODE = YES;
				CLANG_WARN__DUPLICATE_METHOD_MATCH = YES;
				COPY_PHASE_STRIP = NO;
				DEBUG_INFORMATION_FORMAT = "dwarf-with-dsym";
				ENABLE_NS_ASSERTIONS = NO;
				ENABLE_STRICT_OBJC_MSGSEND = YES;
				GCC_C_LANGUAGE_STANDARD = gnu11;
				GCC_NO_COMMON_BLOCKS = YES;
				GCC_WARN_64_TO_32_BIT_CONVERSION = YES;
				GCC_WARN_ABOUT_RETURN_TYPE = YES_ERROR;
				GCC_WARN_UNDECLARED_SELECTOR = YES;
				GCC_WARN_UNINITIALIZED_AUTOS = YES_AGGRESSIVE;
				GCC_WARN_UNUSED_FUNCTION = YES;
				GCC_WARN_UNUSED_VARIABLE = YES;
				IPHONEOS_DEPLOYMENT_TARGET = 13.5;
				MTL_ENABLE_DEBUG_INFO = NO;
				MTL_FAST_MATH = YES;
				SDKROOT = iphoneos;
				SWIFT_COMPILATION_MODE = wholemodule;
				SWIFT_OPTIMIZATION_LEVEL = "-O";
				VALIDATE_PRODUCT = YES;
			};
			name = Release;
		};
		8446D60F24B332D900FC1A87 /* Debug */ = {
			isa = XCBuildConfiguration;
			buildSettings = {
				ASSETCATALOG_COMPILER_APPICON_NAME = AppIcon;
				CODE_SIGN_STYLE = Automatic;
				INFOPLIST_FILE = TableManagementProgrammatically/Info.plist;
				LD_RUNPATH_SEARCH_PATHS = (
					"$(inherited)",
					"@executable_path/Frameworks",
				);
				PRODUCT_BUNDLE_IDENTIFIER = com.myApp.TableManagementProgrammatically;
				PRODUCT_NAME = "$(TARGET_NAME)";
				SWIFT_VERSION = 5.0;
				TARGETED_DEVICE_FAMILY = "1,2";
			};
			name = Debug;
		};
		8446D61024B332D900FC1A87 /* Release */ = {
			isa = XCBuildConfiguration;
			buildSettings = {
				ASSETCATALOG_COMPILER_APPICON_NAME = AppIcon;
				CODE_SIGN_STYLE = Automatic;
				INFOPLIST_FILE = TableManagementProgrammatically/Info.plist;
				LD_RUNPATH_SEARCH_PATHS = (
					"$(inherited)",
					"@executable_path/Frameworks",
				);
				PRODUCT_BUNDLE_IDENTIFIER = com.myApp.TableManagementProgrammatically;
				PRODUCT_NAME = "$(TARGET_NAME)";
				SWIFT_VERSION = 5.0;
				TARGETED_DEVICE_FAMILY = "1,2";
			};
			name = Release;
		};
/* End XCBuildConfiguration section */

/* Begin XCConfigurationList section */
		8446D5F524B332D600FC1A87 /* Build configuration list for PBXProject "TableManagementProgrammatically" */ = {
			isa = XCConfigurationList;
			buildConfigurations = (
				8446D60C24B332D900FC1A87 /* Debug */,
				8446D60D24B332D900FC1A87 /* Release */,
			);
			defaultConfigurationIsVisible = 0;
			defaultConfigurationName = Release;
		};
		8446D60E24B332D900FC1A87 /* Build configuration list for PBXNativeTarget "TableManagementProgrammatically" */ = {
			isa = XCConfigurationList;
			buildConfigurations = (
				8446D60F24B332D900FC1A87 /* Debug */,
				8446D61024B332D900FC1A87 /* Release */,
			);
			defaultConfigurationIsVisible = 0;
			defaultConfigurationName = Release;
		};
/* End XCConfigurationList section */
	};
	rootObject = 8446D5F224B332D600FC1A87 /* Project object */;
}
