// !$*UTF8*$!
{
	archiveVersion = 1;
	classes = {
	};
	objectVersion = 50;
	objects = {

/* Begin PBXBuildFile section */
		8445DE4624ADFF0F00ECB420 /* StatisticsViewController.swift in Sources */ = {isa = PBXBuildFile; fileRef = 8445DE4524ADFF0F00ECB420 /* StatisticsViewController.swift */; };
		8446999D24B2017700EF1508 /* EditorViewControllerDelegate.swift in Sources */ = {isa = PBXBuildFile; fileRef = 8446999C24B2017700EF1508 /* EditorViewControllerDelegate.swift */; };
		8446D5F024B30C9E00FC1A87 /* TabBarItems.swift in Sources */ = {isa = PBXBuildFile; fileRef = 8446D5EF24B30C9E00FC1A87 /* TabBarItems.swift */; };
		8446EF8B24AF45EE000C5805 /* EditorViewController.swift in Sources */ = {isa = PBXBuildFile; fileRef = 8446EF8A24AF45ED000C5805 /* EditorViewController.swift */; };
		8447D74C24AC6F7C00298B00 /* NumbersData.swift in Sources */ = {isa = PBXBuildFile; fileRef = 8447D74B24AC6F7C00298B00 /* NumbersData.swift */; };
		8447D74E24AC7C7A00298B00 /* TableViewCell.swift in Sources */ = {isa = PBXBuildFile; fileRef = 8447D74D24AC7C7A00298B00 /* TableViewCell.swift */; };
		844A21B024BD921C00FDC260 /* CustomEditorViewController.swift in Sources */ = {isa = PBXBuildFile; fileRef = 844A21AF24BD921C00FDC260 /* CustomEditorViewController.swift */; };
		844A21B524BDCBB100FDC260 /* NumbersDataViewModel.swift in Sources */ = {isa = PBXBuildFile; fileRef = 844A21B424BDCBB100FDC260 /* NumbersDataViewModel.swift */; };
		844D83FB24BEF35900E77AA9 /* CellViewModel.swift in Sources */ = {isa = PBXBuildFile; fileRef = 844D83FA24BEF35900E77AA9 /* CellViewModel.swift */; };
		844D83FD24BEFC1A00E77AA9 /* EditorViewModel.swift in Sources */ = {isa = PBXBuildFile; fileRef = 844D83FC24BEFC1A00E77AA9 /* EditorViewModel.swift */; };
		844D83FF24BEFCBA00E77AA9 /* StatisticsViewModel.swift in Sources */ = {isa = PBXBuildFile; fileRef = 844D83FE24BEFCBA00E77AA9 /* StatisticsViewModel.swift */; };
		844D840124BF046E00E77AA9 /* EditorData.swift in Sources */ = {isa = PBXBuildFile; fileRef = 844D840024BF046E00E77AA9 /* EditorData.swift */; };
		84E95B7124AB99150040D11A /* AppDelegate.swift in Sources */ = {isa = PBXBuildFile; fileRef = 84E95B7024AB99150040D11A /* AppDelegate.swift */; };
		84E95B7324AB99150040D11A /* SceneDelegate.swift in Sources */ = {isa = PBXBuildFile; fileRef = 84E95B7224AB99150040D11A /* SceneDelegate.swift */; };
		84E95B7524AB99150040D11A /* TableViewController.swift in Sources */ = {isa = PBXBuildFile; fileRef = 84E95B7424AB99150040D11A /* TableViewController.swift */; };
		84E95B7824AB99150040D11A /* Main.storyboard in Resources */ = {isa = PBXBuildFile; fileRef = 84E95B7624AB99150040D11A /* Main.storyboard */; };
		84E95B7A24AB99160040D11A /* Assets.xcassets in Resources */ = {isa = PBXBuildFile; fileRef = 84E95B7924AB99160040D11A /* Assets.xcassets */; };
		84E95B7D24AB99160040D11A /* LaunchScreen.storyboard in Resources */ = {isa = PBXBuildFile; fileRef = 84E95B7B24AB99160040D11A /* LaunchScreen.storyboard */; };
/* End PBXBuildFile section */

/* Begin PBXFileReference section */
		8445DE4524ADFF0F00ECB420 /* StatisticsViewController.swift */ = {isa = PBXFileReference; lastKnownFileType = sourcecode.swift; path = StatisticsViewController.swift; sourceTree = "<group>"; };
		8446999C24B2017700EF1508 /* EditorViewControllerDelegate.swift */ = {isa = PBXFileReference; lastKnownFileType = sourcecode.swift; path = EditorViewControllerDelegate.swift; sourceTree = "<group>"; };
		8446D5EF24B30C9E00FC1A87 /* TabBarItems.swift */ = {isa = PBXFileReference; lastKnownFileType = sourcecode.swift; path = TabBarItems.swift; sourceTree = "<group>"; };
		8446EF8A24AF45ED000C5805 /* EditorViewController.swift */ = {isa = PBXFileReference; lastKnownFileType = sourcecode.swift; path = EditorViewController.swift; sourceTree = "<group>"; };
		8447D74B24AC6F7C00298B00 /* NumbersData.swift */ = {isa = PBXFileReference; lastKnownFileType = sourcecode.swift; path = NumbersData.swift; sourceTree = "<group>"; };
		8447D74D24AC7C7A00298B00 /* TableViewCell.swift */ = {isa = PBXFileReference; lastKnownFileType = sourcecode.swift; path = TableViewCell.swift; sourceTree = "<group>"; };
		844A21AF24BD921C00FDC260 /* CustomEditorViewController.swift */ = {isa = PBXFileReference; lastKnownFileType = sourcecode.swift; path = CustomEditorViewController.swift; sourceTree = "<group>"; };
		844A21B424BDCBB100FDC260 /* NumbersDataViewModel.swift */ = {isa = PBXFileReference; lastKnownFileType = sourcecode.swift; path = NumbersDataViewModel.swift; sourceTree = "<group>"; };
		844D83FA24BEF35900E77AA9 /* CellViewModel.swift */ = {isa = PBXFileReference; lastKnownFileType = sourcecode.swift; path = CellViewModel.swift; sourceTree = "<group>"; };
		844D83FC24BEFC1A00E77AA9 /* EditorViewModel.swift */ = {isa = PBXFileReference; lastKnownFileType = sourcecode.swift; path = EditorViewModel.swift; sourceTree = "<group>"; };
		844D83FE24BEFCBA00E77AA9 /* StatisticsViewModel.swift */ = {isa = PBXFileReference; lastKnownFileType = sourcecode.swift; path = StatisticsViewModel.swift; sourceTree = "<group>"; };
		844D840024BF046E00E77AA9 /* EditorData.swift */ = {isa = PBXFileReference; lastKnownFileType = sourcecode.swift; path = EditorData.swift; sourceTree = "<group>"; };
		84E95B6D24AB99150040D11A /* TableManagement.app */ = {isa = PBXFileReference; explicitFileType = wrapper.application; includeInIndex = 0; path = TableManagement.app; sourceTree = BUILT_PRODUCTS_DIR; };
		84E95B7024AB99150040D11A /* AppDelegate.swift */ = {isa = PBXFileReference; lastKnownFileType = sourcecode.swift; path = AppDelegate.swift; sourceTree = "<group>"; };
		84E95B7224AB99150040D11A /* SceneDelegate.swift */ = {isa = PBXFileReference; lastKnownFileType = sourcecode.swift; path = SceneDelegate.swift; sourceTree = "<group>"; };
		84E95B7424AB99150040D11A /* TableViewController.swift */ = {isa = PBXFileReference; lastKnownFileType = sourcecode.swift; path = TableViewController.swift; sourceTree = "<group>"; };
		84E95B7724AB99150040D11A /* Base */ = {isa = PBXFileReference; lastKnownFileType = file.storyboard; name = Base; path = Base.lproj/Main.storyboard; sourceTree = "<group>"; };
		84E95B7924AB99160040D11A /* Assets.xcassets */ = {isa = PBXFileReference; lastKnownFileType = folder.assetcatalog; path = Assets.xcassets; sourceTree = "<group>"; };
		84E95B7C24AB99160040D11A /* Base */ = {isa = PBXFileReference; lastKnownFileType = file.storyboard; name = Base; path = Base.lproj/LaunchScreen.storyboard; sourceTree = "<group>"; };
		84E95B7E24AB99160040D11A /* Info.plist */ = {isa = PBXFileReference; lastKnownFileType = text.plist.xml; path = Info.plist; sourceTree = "<group>"; };
/* End PBXFileReference section */

/* Begin PBXFrameworksBuildPhase section */
		84E95B6A24AB99150040D11A /* Frameworks */ = {
			isa = PBXFrameworksBuildPhase;
			buildActionMask = 2147483647;
			files = (
			);
			runOnlyForDeploymentPostprocessing = 0;
		};
/* End PBXFrameworksBuildPhase section */

/* Begin PBXGroup section */
		844D840B24BF3CE100E77AA9 /* Model */ = {
			isa = PBXGroup;
			children = (
				8447D74B24AC6F7C00298B00 /* NumbersData.swift */,
				844D840024BF046E00E77AA9 /* EditorData.swift */,
			);
			path = Model;
			sourceTree = "<group>";
		};
		844D840C24BF3CF200E77AA9 /* View */ = {
			isa = PBXGroup;
			children = (
				84E95B7424AB99150040D11A /* TableViewController.swift */,
				8447D74D24AC7C7A00298B00 /* TableViewCell.swift */,
				8446EF8A24AF45ED000C5805 /* EditorViewController.swift */,
				844A21AF24BD921C00FDC260 /* CustomEditorViewController.swift */,
				8445DE4524ADFF0F00ECB420 /* StatisticsViewController.swift */,
			);
			path = View;
			sourceTree = "<group>";
		};
		844D840D24BF3CFF00E77AA9 /* ViewModel */ = {
			isa = PBXGroup;
			children = (
				844A21B424BDCBB100FDC260 /* NumbersDataViewModel.swift */,
				844D83FC24BEFC1A00E77AA9 /* EditorViewModel.swift */,
				844D83FA24BEF35900E77AA9 /* CellViewModel.swift */,
				844D83FE24BEFCBA00E77AA9 /* StatisticsViewModel.swift */,
			);
			path = ViewModel;
			sourceTree = "<group>";
		};
		84E95B6424AB99150040D11A = {
			isa = PBXGroup;
			children = (
				84E95B6F24AB99150040D11A /* TableManagement */,
			);
			sourceTree = "<group>";
		};
		84E95B6E24AB99150040D11A /* Products */ = {
			isa = PBXGroup;
			children = (
				84E95B6D24AB99150040D11A /* TableManagement.app */,
			);
			name = Products;
			path = ..;
			sourceTree = "<group>";
		};
		84E95B6F24AB99150040D11A /* TableManagement */ = {
			isa = PBXGroup;
			children = (
				844D840D24BF3CFF00E77AA9 /* ViewModel */,
				844D840C24BF3CF200E77AA9 /* View */,
				844D840B24BF3CE100E77AA9 /* Model */,
				84E95B7224AB99150040D11A /* SceneDelegate.swift */,
				84E95B7024AB99150040D11A /* AppDelegate.swift */,
				8446999C24B2017700EF1508 /* EditorViewControllerDelegate.swift */,
				8446D5EF24B30C9E00FC1A87 /* TabBarItems.swift */,
				84E95B7624AB99150040D11A /* Main.storyboard */,
				84E95B7924AB99160040D11A /* Assets.xcassets */,
				84E95B7B24AB99160040D11A /* LaunchScreen.storyboard */,
				84E95B7E24AB99160040D11A /* Info.plist */,
				84E95B6E24AB99150040D11A /* Products */,
			);
			path = TableManagement;
			sourceTree = "<group>";
		};
/* End PBXGroup section */

/* Begin PBXNativeTarget section */
		84E95B6C24AB99150040D11A /* TableManagement */ = {
			isa = PBXNativeTarget;
			buildConfigurationList = 84E95B8124AB99160040D11A /* Build configuration list for PBXNativeTarget "TableManagement" */;
			buildPhases = (
				84E95B6924AB99150040D11A /* Sources */,
				84E95B6A24AB99150040D11A /* Frameworks */,
				84E95B6B24AB99150040D11A /* Resources */,
			);
			buildRules = (
			);
			dependencies = (
			);
			name = TableManagement;
			productName = TableManagement;
			productReference = 84E95B6D24AB99150040D11A /* TableManagement.app */;
			productType = "com.apple.product-type.application";
		};
/* End PBXNativeTarget section */

/* Begin PBXProject section */
		84E95B6524AB99150040D11A /* Project object */ = {
			isa = PBXProject;
			attributes = {
				LastSwiftUpdateCheck = 1150;
				LastUpgradeCheck = 1150;
				ORGANIZATIONNAME = Admin;
				TargetAttributes = {
					84E95B6C24AB99150040D11A = {
						CreatedOnToolsVersion = 11.5;
					};
				};
			};
			buildConfigurationList = 84E95B6824AB99150040D11A /* Build configuration list for PBXProject "TableManagement" */;
			compatibilityVersion = "Xcode 9.3";
			developmentRegion = en;
			hasScannedForEncodings = 0;
			knownRegions = (
				en,
				Base,
			);
			mainGroup = 84E95B6424AB99150040D11A;
			productRefGroup = 84E95B6E24AB99150040D11A /* Products */;
			projectDirPath = "";
			projectRoot = "";
			targets = (
				84E95B6C24AB99150040D11A /* TableManagement */,
			);
		};
/* End PBXProject section */

/* Begin PBXResourcesBuildPhase section */
		84E95B6B24AB99150040D11A /* Resources */ = {
			isa = PBXResourcesBuildPhase;
			buildActionMask = 2147483647;
			files = (
				84E95B7D24AB99160040D11A /* LaunchScreen.storyboard in Resources */,
				84E95B7A24AB99160040D11A /* Assets.xcassets in Resources */,
				84E95B7824AB99150040D11A /* Main.storyboard in Resources */,
			);
			runOnlyForDeploymentPostprocessing = 0;
		};
/* End PBXResourcesBuildPhase section */

/* Begin PBXSourcesBuildPhase section */
		84E95B6924AB99150040D11A /* Sources */ = {
			isa = PBXSourcesBuildPhase;
			buildActionMask = 2147483647;
			files = (
				8447D74E24AC7C7A00298B00 /* TableViewCell.swift in Sources */,
				84E95B7524AB99150040D11A /* TableViewController.swift in Sources */,
				844A21B024BD921C00FDC260 /* CustomEditorViewController.swift in Sources */,
				844D83FF24BEFCBA00E77AA9 /* StatisticsViewModel.swift in Sources */,
				8446D5F024B30C9E00FC1A87 /* TabBarItems.swift in Sources */,
				844A21B524BDCBB100FDC260 /* NumbersDataViewModel.swift in Sources */,
				8446EF8B24AF45EE000C5805 /* EditorViewController.swift in Sources */,
				844D83FB24BEF35900E77AA9 /* CellViewModel.swift in Sources */,
				84E95B7124AB99150040D11A /* AppDelegate.swift in Sources */,
				8447D74C24AC6F7C00298B00 /* NumbersData.swift in Sources */,
				84E95B7324AB99150040D11A /* SceneDelegate.swift in Sources */,
				844D83FD24BEFC1A00E77AA9 /* EditorViewModel.swift in Sources */,
				844D840124BF046E00E77AA9 /* EditorData.swift in Sources */,
				8446999D24B2017700EF1508 /* EditorViewControllerDelegate.swift in Sources */,
				8445DE4624ADFF0F00ECB420 /* StatisticsViewController.swift in Sources */,
			);
			runOnlyForDeploymentPostprocessing = 0;
		};
/* End PBXSourcesBuildPhase section */

/* Begin PBXVariantGroup section */
		84E95B7624AB99150040D11A /* Main.storyboard */ = {
			isa = PBXVariantGroup;
			children = (
				84E95B7724AB99150040D11A /* Base */,
			);
			name = Main.storyboard;
			sourceTree = "<group>";
		};
		84E95B7B24AB99160040D11A /* LaunchScreen.storyboard */ = {
			isa = PBXVariantGroup;
			children = (
				84E95B7C24AB99160040D11A /* Base */,
			);
			name = LaunchScreen.storyboard;
			sourceTree = "<group>";
		};
/* End PBXVariantGroup section */

/* Begin XCBuildConfiguration section */
		84E95B7F24AB99160040D11A /* Debug */ = {
			isa = XCBuildConfiguration;
			buildSettings = {
				ALWAYS_SEARCH_USER_PATHS = NO;
				CLANG_ANALYZER_NONNULL = YES;
				CLANG_ANALYZER_NUMBER_OBJECT_CONVERSION = YES_AGGRESSIVE;
				CLANG_CXX_LANGUAGE_STANDARD = "gnu++14";
				CLANG_CXX_LIBRARY = "libc++";
				CLANG_ENABLE_MODULES = YES;
				CLANG_ENABLE_OBJC_ARC = YES;
				CLANG_ENABLE_OBJC_WEAK = YES;
				CLANG_WARN_BLOCK_CAPTURE_AUTORELEASING = YES;
				CLANG_WARN_BOOL_CONVERSION = YES;
				CLANG_WARN_COMMA = YES;
				CLANG_WARN_CONSTANT_CONVERSION = YES;
				CLANG_WARN_DEPRECATED_OBJC_IMPLEMENTATIONS = YES;
				CLANG_WARN_DIRECT_OBJC_ISA_USAGE = YES_ERROR;
				CLANG_WARN_DOCUMENTATION_COMMENTS = YES;
				CLANG_WARN_EMPTY_BODY = YES;
				CLANG_WARN_ENUM_CONVERSION = YES;
				CLANG_WARN_INFINITE_RECURSION = YES;
				CLANG_WARN_INT_CONVERSION = YES;
				CLANG_WARN_NON_LITERAL_NULL_CONVERSION = YES;
				CLANG_WARN_OBJC_IMPLICIT_RETAIN_SELF = YES;
				CLANG_WARN_OBJC_LITERAL_CONVERSION = YES;
				CLANG_WARN_OBJC_ROOT_CLASS = YES_ERROR;
				CLANG_WARN_RANGE_LOOP_ANALYSIS = YES;
				CLANG_WARN_STRICT_PROTOTYPES = YES;
				CLANG_WARN_SUSPICIOUS_MOVE = YES;
				CLANG_WARN_UNGUARDED_AVAILABILITY = YES_AGGRESSIVE;
				CLANG_WARN_UNREACHABLE_CODE = YES;
				CLANG_WARN__DUPLICATE_METHOD_MATCH = YES;
				COPY_PHASE_STRIP = NO;
				DEBUG_INFORMATION_FORMAT = dwarf;
				ENABLE_STRICT_OBJC_MSGSEND = YES;
				ENABLE_TESTABILITY = YES;
				GCC_C_LANGUAGE_STANDARD = gnu11;
				GCC_DYNAMIC_NO_PIC = NO;
				GCC_NO_COMMON_BLOCKS = YES;
				GCC_OPTIMIZATION_LEVEL = 0;
				GCC_PREPROCESSOR_DEFINITIONS = (
					"DEBUG=1",
					"$(inherited)",
				);
				GCC_WARN_64_TO_32_BIT_CONVERSION = YES;
				GCC_WARN_ABOUT_RETURN_TYPE = YES_ERROR;
				GCC_WARN_UNDECLARED_SELECTOR = YES;
				GCC_WARN_UNINITIALIZED_AUTOS = YES_AGGRESSIVE;
				GCC_WARN_UNUSED_FUNCTION = YES;
				GCC_WARN_UNUSED_VARIABLE = YES;
				IPHONEOS_DEPLOYMENT_TARGET = 13.5;
				MTL_ENABLE_DEBUG_INFO = INCLUDE_SOURCE;
				MTL_FAST_MATH = YES;
				ONLY_ACTIVE_ARCH = YES;
				SDKROOT = iphoneos;
				SWIFT_ACTIVE_COMPILATION_CONDITIONS = DEBUG;
				SWIFT_OPTIMIZATION_LEVEL = "-Onone";
			};
			name = Debug;
		};
		84E95B8024AB99160040D11A /* Release */ = {
			isa = XCBuildConfiguration;
			buildSettings = {
				ALWAYS_SEARCH_USER_PATHS = NO;
				CLANG_ANALYZER_NONNULL = YES;
				CLANG_ANALYZER_NUMBER_OBJECT_CONVERSION = YES_AGGRESSIVE;
				CLANG_CXX_LANGUAGE_STANDARD = "gnu++14";
				CLANG_CXX_LIBRARY = "libc++";
				CLANG_ENABLE_MODULES = YES;
				CLANG_ENABLE_OBJC_ARC = YES;
				CLANG_ENABLE_OBJC_WEAK = YES;
				CLANG_WARN_BLOCK_CAPTURE_AUTORELEASING = YES;
				CLANG_WARN_BOOL_CONVERSION = YES;
				CLANG_WARN_COMMA = YES;
				CLANG_WARN_CONSTANT_CONVERSION = YES;
				CLANG_WARN_DEPRECATED_OBJC_IMPLEMENTATIONS = YES;
				CLANG_WARN_DIRECT_OBJC_ISA_USAGE = YES_ERROR;
				CLANG_WARN_DOCUMENTATION_COMMENTS = YES;
				CLANG_WARN_EMPTY_BODY = YES;
				CLANG_WARN_ENUM_CONVERSION = YES;
				CLANG_WARN_INFINITE_RECURSION = YES;
				CLANG_WARN_INT_CONVERSION = YES;
				CLANG_WARN_NON_LITERAL_NULL_CONVERSION = YES;
				CLANG_WARN_OBJC_IMPLICIT_RETAIN_SELF = YES;
				CLANG_WARN_OBJC_LITERAL_CONVERSION = YES;
				CLANG_WARN_OBJC_ROOT_CLASS = YES_ERROR;
				CLANG_WARN_RANGE_LOOP_ANALYSIS = YES;
				CLANG_WARN_STRICT_PROTOTYPES = YES;
				CLANG_WARN_SUSPICIOUS_MOVE = YES;
				CLANG_WARN_UNGUARDED_AVAILABILITY = YES_AGGRESSIVE;
				CLANG_WARN_UNREACHABLE_CODE = YES;
				CLANG_WARN__DUPLICATE_METHOD_MATCH = YES;
				COPY_PHASE_STRIP = NO;
				DEBUG_INFORMATION_FORMAT = "dwarf-with-dsym";
				ENABLE_NS_ASSERTIONS = NO;
				ENABLE_STRICT_OBJC_MSGSEND = YES;
				GCC_C_LANGUAGE_STANDARD = gnu11;
				GCC_NO_COMMON_BLOCKS = YES;
				GCC_WARN_64_TO_32_BIT_CONVERSION = YES;
				GCC_WARN_ABOUT_RETURN_TYPE = YES_ERROR;
				GCC_WARN_UNDECLARED_SELECTOR = YES;
				GCC_WARN_UNINITIALIZED_AUTOS = YES_AGGRESSIVE;
				GCC_WARN_UNUSED_FUNCTION = YES;
				GCC_WARN_UNUSED_VARIABLE = YES;
				IPHONEOS_DEPLOYMENT_TARGET = 13.5;
				MTL_ENABLE_DEBUG_INFO = NO;
				MTL_FAST_MATH = YES;
				SDKROOT = iphoneos;
				SWIFT_COMPILATION_MODE = wholemodule;
				SWIFT_OPTIMIZATION_LEVEL = "-O";
				VALIDATE_PRODUCT = YES;
			};
			name = Release;
		};
		84E95B8224AB99160040D11A /* Debug */ = {
			isa = XCBuildConfiguration;
			buildSettings = {
				ASSETCATALOG_COMPILER_APPICON_NAME = AppIcon;
				CODE_SIGN_STYLE = Automatic;
				INFOPLIST_FILE = TableManagement/Info.plist;
				LD_RUNPATH_SEARCH_PATHS = (
					"$(inherited)",
					"@executable_path/Frameworks",
				);
				PRODUCT_BUNDLE_IDENTIFIER = com.myApp.TableManagement;
				PRODUCT_NAME = "$(TARGET_NAME)";
				SWIFT_VERSION = 5.0;
				TARGETED_DEVICE_FAMILY = "1,2";
			};
			name = Debug;
		};
		84E95B8324AB99160040D11A /* Release */ = {
			isa = XCBuildConfiguration;
			buildSettings = {
				ASSETCATALOG_COMPILER_APPICON_NAME = AppIcon;
				CODE_SIGN_STYLE = Automatic;
				INFOPLIST_FILE = TableManagement/Info.plist;
				LD_RUNPATH_SEARCH_PATHS = (
					"$(inherited)",
					"@executable_path/Frameworks",
				);
				PRODUCT_BUNDLE_IDENTIFIER = com.myApp.TableManagement;
				PRODUCT_NAME = "$(TARGET_NAME)";
				SWIFT_VERSION = 5.0;
				TARGETED_DEVICE_FAMILY = "1,2";
			};
			name = Release;
		};
/* End XCBuildConfiguration section */

/* Begin XCConfigurationList section */
		84E95B6824AB99150040D11A /* Build configuration list for PBXProject "TableManagement" */ = {
			isa = XCConfigurationList;
			buildConfigurations = (
				84E95B7F24AB99160040D11A /* Debug */,
				84E95B8024AB99160040D11A /* Release */,
			);
			defaultConfigurationIsVisible = 0;
			defaultConfigurationName = Release;
		};
		84E95B8124AB99160040D11A /* Build configuration list for PBXNativeTarget "TableManagement" */ = {
			isa = XCConfigurationList;
			buildConfigurations = (
				84E95B8224AB99160040D11A /* Debug */,
				84E95B8324AB99160040D11A /* Release */,
			);
			defaultConfigurationIsVisible = 0;
			defaultConfigurationName = Release;
		};
/* End XCConfigurationList section */
	};
	rootObject = 84E95B6524AB99150040D11A /* Project object */;
}
